Microsoft Visual Studio Solution File, Format Version 12.00
# Visual Studio 2012
Project("{2150E333-8FDC-42A3-9474-1A3956D46DE8}") = "Tests", "Tests", "{214D36EF-28DF-4A22-B05F-92CA926D1B96}"
EndProject
Project("{2150E333-8FDC-42A3-9474-1A3956D46DE8}") = "Tools", "Tools", "{45C0D7FD-288E-4579-9847-E6659DA306B5}"
EndProject
Project("{2150E333-8FDC-42A3-9474-1A3956D46DE8}") = "Extensions", "Extensions", "{CE5C91A3-30C9-445A-A74C-DF7FE1F10EED}"
EndProject
Project("{2150E333-8FDC-42A3-9474-1A3956D46DE8}") = "Scripts", "Scripts", "{C3EC1E6B-3FDE-4073-8FFC-9547D80B3C94}"
	ProjectSection(SolutionItems) = preProject
		services\Scripts\accuweather.xml = services\Scripts\accuweather.xml
		services\Scripts\addthis.xml = services\Scripts\addthis.xml
		services\Scripts\advancedsearch.xml = services\Scripts\advancedsearch.xml
		services\Scripts\ajaxrss.xml = services\Scripts\ajaxrss.xml
		services\Scripts\dekiapi.xml = services\Scripts\dekiapi.xml
		services\Scripts\dhtml.xml = services\Scripts\dhtml.xml
		services\Scripts\digg.xml = services\Scripts\digg.xml
		services\Scripts\editgrid.xml = services\Scripts\editgrid.xml
		services\Scripts\fevote.xml = services\Scripts\fevote.xml
		services\Scripts\flickr.xml = services\Scripts\flickr.xml
		services\Scripts\flowplayer.xml = services\Scripts\flowplayer.xml
		services\Scripts\freemind.xml = services\Scripts\freemind.xml
		services\Scripts\gabbly.xml = services\Scripts\gabbly.xml
		services\Scripts\google.xml = services\Scripts\google.xml
		services\Scripts\gravatar.xml = services\Scripts\gravatar.xml
		services\Scripts\iframe.xml = services\Scripts\iframe.xml
		services\Scripts\jquery.xml = services\Scripts\jquery.xml
		services\Scripts\jskit.xml = services\Scripts\jskit.xml
		services\Scripts\lightbox.xml = services\Scripts\lightbox.xml
		services\Scripts\linkedin.xml = services\Scripts\linkedin.xml
		services\Scripts\pagebus.xml = services\Scripts\pagebus.xml
		services\Scripts\paypal.xml = services\Scripts\paypal.xml
		services\Scripts\quicktime.xml = services\Scripts\quicktime.xml
		services\Scripts\rtm.xml = services\Scripts\rtm.xml
		services\Scripts\scratch.xml = services\Scripts\scratch.xml
		services\Scripts\scribd.xml = services\Scripts\scribd.xml
		services\Scripts\script-template.xml = services\Scripts\script-template.xml
		services\Scripts\skype.xml = services\Scripts\skype.xml
		services\Scripts\spoiler.xml = services\Scripts\spoiler.xml
		services\Scripts\sunlight-capitol.xml = services\Scripts\sunlight-capitol.xml
		services\Scripts\syntax.xml = services\Scripts\syntax.xml
		services\Scripts\syntax2.xml = services\Scripts\syntax2.xml
		services\Scripts\test.xml = services\Scripts\test.xml
		services\Scripts\thinkfree.xml = services\Scripts\thinkfree.xml
		services\Scripts\twitter.xml = services\Scripts\twitter.xml
		services\Scripts\umlsequence.xml = services\Scripts\umlsequence.xml
		services\Scripts\widgetbox.xml = services\Scripts\widgetbox.xml
		services\Scripts\xboxlive.xml = services\Scripts\xboxlive.xml
		services\Scripts\yuimediaplayer.xml = services\Scripts\yuimediaplayer.xml
		services\Scripts\zoho.xml = services\Scripts\zoho.xml
	EndProjectSection
EndProject
Project("{2150E333-8FDC-42A3-9474-1A3956D46DE8}") = "res", "res", "{C7B0421E-E8BA-4841-8897-2E8EFE40551D}"
EndProject
Project("{2150E333-8FDC-42A3-9474-1A3956D46DE8}") = "deki", "deki", "{809DBF2C-96DA-4285-ACC4-24551DDE3B43}"
	ProjectSection(SolutionItems) = preProject
		services\Scripts\res\deki\mindtouch.deki.js = services\Scripts\res\deki\mindtouch.deki.js
		services\Scripts\res\deki\mindtouch.web.js = services\Scripts\res\deki\mindtouch.web.js
	EndProjectSection
EndProject
Project("{2150E333-8FDC-42A3-9474-1A3956D46DE8}") = "jquery", "jquery", "{AF0C0F1F-BE23-47EA-B4B0-3907388BB198}"
	ProjectSection(SolutionItems) = preProject
		services\Scripts\res\jquery\jquery-ui.js = services\Scripts\res\jquery\jquery-ui.js
		services\Scripts\res\jquery\jquery.form.js = services\Scripts\res\jquery\jquery.form.js
	EndProjectSection
EndProject
Project("{2150E333-8FDC-42A3-9474-1A3956D46DE8}") = "flowplayer", "flowplayer", "{19ECF6F5-3D2F-498A-B10C-8F149EE2D173}"
	ProjectSection(SolutionItems) = preProject
		services\Scripts\res\flowplayer\flashembed.min.js = services\Scripts\res\flowplayer\flashembed.min.js
		services\Scripts\res\flowplayer\FlowPlayerClassic.swf = services\Scripts\res\flowplayer\FlowPlayerClassic.swf
		services\Scripts\res\flowplayer\FlowPlayerDark.swf = services\Scripts\res\flowplayer\FlowPlayerDark.swf
		services\Scripts\res\flowplayer\FlowPlayerLight.swf = services\Scripts\res\flowplayer\FlowPlayerLight.swf
	EndProjectSection
EndProject
Project("{2150E333-8FDC-42A3-9474-1A3956D46DE8}") = "syntax", "syntax", "{1E41E9F9-67C5-402C-82A1-F7D217FAB761}"
	ProjectSection(SolutionItems) = preProject
		services\Scripts\res\syntax\shBrushCpp.js = services\Scripts\res\syntax\shBrushCpp.js
		services\Scripts\res\syntax\shBrushCSharp.js = services\Scripts\res\syntax\shBrushCSharp.js
		services\Scripts\res\syntax\shBrushCss.js = services\Scripts\res\syntax\shBrushCss.js
		services\Scripts\res\syntax\shBrushDekiscript.js = services\Scripts\res\syntax\shBrushDekiscript.js
		services\Scripts\res\syntax\shBrushDelphi.js = services\Scripts\res\syntax\shBrushDelphi.js
		services\Scripts\res\syntax\shBrushJava.js = services\Scripts\res\syntax\shBrushJava.js
		services\Scripts\res\syntax\shBrushJScript.js = services\Scripts\res\syntax\shBrushJScript.js
		services\Scripts\res\syntax\shBrushNone.js = services\Scripts\res\syntax\shBrushNone.js
		services\Scripts\res\syntax\shBrushPerl.js = services\Scripts\res\syntax\shBrushPerl.js
		services\Scripts\res\syntax\shBrushPhp.js = services\Scripts\res\syntax\shBrushPhp.js
		services\Scripts\res\syntax\shBrushPowershell.js = services\Scripts\res\syntax\shBrushPowershell.js
		services\Scripts\res\syntax\shBrushPython.js = services\Scripts\res\syntax\shBrushPython.js
		services\Scripts\res\syntax\shBrushRuby.js = services\Scripts\res\syntax\shBrushRuby.js
		services\Scripts\res\syntax\shBrushShell.js = services\Scripts\res\syntax\shBrushShell.js
		services\Scripts\res\syntax\shBrushSql.js = services\Scripts\res\syntax\shBrushSql.js
		services\Scripts\res\syntax\shBrushVb.js = services\Scripts\res\syntax\shBrushVb.js
		services\Scripts\res\syntax\shBrushXml.js = services\Scripts\res\syntax\shBrushXml.js
		services\Scripts\res\syntax\shCore.js = services\Scripts\res\syntax\shCore.js
		services\Scripts\res\syntax\SyntaxHighlighter.css = services\Scripts\res\syntax\SyntaxHighlighter.css
	EndProjectSection
EndProject
Project("{2150E333-8FDC-42A3-9474-1A3956D46DE8}") = "syntax2", "syntax2", "{812CD82A-C30F-4928-B1BF-3F3E17C5225C}"
	ProjectSection(SolutionItems) = preProject
		services\Scripts\res\syntax2\clipboard.swf = services\Scripts\res\syntax2\clipboard.swf
		services\Scripts\res\syntax2\help.png = services\Scripts\res\syntax2\help.png
		services\Scripts\res\syntax2\LGPLv3.txt = services\Scripts\res\syntax2\LGPLv3.txt
		services\Scripts\res\syntax2\magnifier.png = services\Scripts\res\syntax2\magnifier.png
		services\Scripts\res\syntax2\page_white_code.png = services\Scripts\res\syntax2\page_white_code.png
		services\Scripts\res\syntax2\page_white_copy.png = services\Scripts\res\syntax2\page_white_copy.png
		services\Scripts\res\syntax2\printer.png = services\Scripts\res\syntax2\printer.png
		services\Scripts\res\syntax2\shBrushAS3.js = services\Scripts\res\syntax2\shBrushAS3.js
		services\Scripts\res\syntax2\shBrushBash.js = services\Scripts\res\syntax2\shBrushBash.js
		services\Scripts\res\syntax2\shBrushCpp.js = services\Scripts\res\syntax2\shBrushCpp.js
		services\Scripts\res\syntax2\shBrushCSharp.js = services\Scripts\res\syntax2\shBrushCSharp.js
		services\Scripts\res\syntax2\shBrushCss.js = services\Scripts\res\syntax2\shBrushCss.js
		services\Scripts\res\syntax2\shBrushDekiscript.js = services\Scripts\res\syntax2\shBrushDekiscript.js
		services\Scripts\res\syntax2\shBrushDelphi.js = services\Scripts\res\syntax2\shBrushDelphi.js
		services\Scripts\res\syntax2\shBrushDiff.js = services\Scripts\res\syntax2\shBrushDiff.js
		services\Scripts\res\syntax2\shBrushGroovy.js = services\Scripts\res\syntax2\shBrushGroovy.js
		services\Scripts\res\syntax2\shBrushJava.js = services\Scripts\res\syntax2\shBrushJava.js
		services\Scripts\res\syntax2\shBrushJavaFX.js = services\Scripts\res\syntax2\shBrushJavaFX.js
		services\Scripts\res\syntax2\shBrushJScript.js = services\Scripts\res\syntax2\shBrushJScript.js
		services\Scripts\res\syntax2\shBrushPerl.js = services\Scripts\res\syntax2\shBrushPerl.js
		services\Scripts\res\syntax2\shBrushPhp.js = services\Scripts\res\syntax2\shBrushPhp.js
		services\Scripts\res\syntax2\shBrushPlain.js = services\Scripts\res\syntax2\shBrushPlain.js
		services\Scripts\res\syntax2\shBrushPowershell.js = services\Scripts\res\syntax2\shBrushPowershell.js
		services\Scripts\res\syntax2\shBrushPython.js = services\Scripts\res\syntax2\shBrushPython.js
		services\Scripts\res\syntax2\shBrushRuby.js = services\Scripts\res\syntax2\shBrushRuby.js
		services\Scripts\res\syntax2\shBrushScala.js = services\Scripts\res\syntax2\shBrushScala.js
		services\Scripts\res\syntax2\shBrushSql.js = services\Scripts\res\syntax2\shBrushSql.js
		services\Scripts\res\syntax2\shBrushVb.js = services\Scripts\res\syntax2\shBrushVb.js
		services\Scripts\res\syntax2\shBrushXml.js = services\Scripts\res\syntax2\shBrushXml.js
		services\Scripts\res\syntax2\shCore.css = services\Scripts\res\syntax2\shCore.css
		services\Scripts\res\syntax2\shCore.js = services\Scripts\res\syntax2\shCore.js
		services\Scripts\res\syntax2\shLegacy.js = services\Scripts\res\syntax2\shLegacy.js
		services\Scripts\res\syntax2\shThemeDefault.css = services\Scripts\res\syntax2\shThemeDefault.css
		services\Scripts\res\syntax2\shThemeDjango.css = services\Scripts\res\syntax2\shThemeDjango.css
		services\Scripts\res\syntax2\shThemeEmacs.css = services\Scripts\res\syntax2\shThemeEmacs.css
		services\Scripts\res\syntax2\shThemeFadeToGrey.css = services\Scripts\res\syntax2\shThemeFadeToGrey.css
		services\Scripts\res\syntax2\shThemeMidnight.css = services\Scripts\res\syntax2\shThemeMidnight.css
		services\Scripts\res\syntax2\shThemeRDark.css = services\Scripts\res\syntax2\shThemeRDark.css
		services\Scripts\res\syntax2\wrapping.png = services\Scripts\res\syntax2\wrapping.png
	EndProjectSection
EndProject
Project("{2150E333-8FDC-42A3-9474-1A3956D46DE8}") = "themes", "themes", "{8A059A5B-6430-4C96-A4EF-867BAECCBB4C}"
EndProject
Project("{2150E333-8FDC-42A3-9474-1A3956D46DE8}") = "smoothness", "smoothness", "{93929EE6-5934-43FB-8932-E61505B98B03}"
	ProjectSection(SolutionItems) = preProject
		services\Scripts\res\jquery\themes\smoothness\ui.all.css = services\Scripts\res\jquery\themes\smoothness\ui.all.css
	EndProjectSection
EndProject
Project("{2150E333-8FDC-42A3-9474-1A3956D46DE8}") = "images", "images", "{433258A3-10EF-47D4-A28C-234C61812DC3}"
	ProjectSection(SolutionItems) = preProject
		services\Scripts\res\jquery\themes\smoothness\images\222222_11x11_icon_arrows_leftright.gif = services\Scripts\res\jquery\themes\smoothness\images\222222_11x11_icon_arrows_leftright.gif
		services\Scripts\res\jquery\themes\smoothness\images\222222_11x11_icon_arrows_updown.gif = services\Scripts\res\jquery\themes\smoothness\images\222222_11x11_icon_arrows_updown.gif
		services\Scripts\res\jquery\themes\smoothness\images\222222_11x11_icon_doc.gif = services\Scripts\res\jquery\themes\smoothness\images\222222_11x11_icon_doc.gif
		services\Scripts\res\jquery\themes\smoothness\images\222222_11x11_icon_minus.gif = services\Scripts\res\jquery\themes\smoothness\images\222222_11x11_icon_minus.gif
		services\Scripts\res\jquery\themes\smoothness\images\222222_11x11_icon_plus.gif = services\Scripts\res\jquery\themes\smoothness\images\222222_11x11_icon_plus.gif
		services\Scripts\res\jquery\themes\smoothness\images\222222_11x11_icon_resize_se.gif = services\Scripts\res\jquery\themes\smoothness\images\222222_11x11_icon_resize_se.gif
		services\Scripts\res\jquery\themes\smoothness\images\222222_7x7_arrow_down.gif = services\Scripts\res\jquery\themes\smoothness\images\222222_7x7_arrow_down.gif
		services\Scripts\res\jquery\themes\smoothness\images\222222_7x7_arrow_left.gif = services\Scripts\res\jquery\themes\smoothness\images\222222_7x7_arrow_left.gif
		services\Scripts\res\jquery\themes\smoothness\images\222222_7x7_arrow_right.gif = services\Scripts\res\jquery\themes\smoothness\images\222222_7x7_arrow_right.gif
		services\Scripts\res\jquery\themes\smoothness\images\222222_7x7_arrow_up.gif = services\Scripts\res\jquery\themes\smoothness\images\222222_7x7_arrow_up.gif
		services\Scripts\res\jquery\themes\smoothness\images\454545_11x11_icon_arrows_leftright.gif = services\Scripts\res\jquery\themes\smoothness\images\454545_11x11_icon_arrows_leftright.gif
		services\Scripts\res\jquery\themes\smoothness\images\454545_11x11_icon_arrows_updown.gif = services\Scripts\res\jquery\themes\smoothness\images\454545_11x11_icon_arrows_updown.gif
		services\Scripts\res\jquery\themes\smoothness\images\454545_11x11_icon_close.gif = services\Scripts\res\jquery\themes\smoothness\images\454545_11x11_icon_close.gif
		services\Scripts\res\jquery\themes\smoothness\images\454545_11x11_icon_doc.gif = services\Scripts\res\jquery\themes\smoothness\images\454545_11x11_icon_doc.gif
		services\Scripts\res\jquery\themes\smoothness\images\454545_11x11_icon_folder_closed.gif = services\Scripts\res\jquery\themes\smoothness\images\454545_11x11_icon_folder_closed.gif
		services\Scripts\res\jquery\themes\smoothness\images\454545_11x11_icon_folder_open.gif = services\Scripts\res\jquery\themes\smoothness\images\454545_11x11_icon_folder_open.gif
		services\Scripts\res\jquery\themes\smoothness\images\454545_11x11_icon_minus.gif = services\Scripts\res\jquery\themes\smoothness\images\454545_11x11_icon_minus.gif
		services\Scripts\res\jquery\themes\smoothness\images\454545_11x11_icon_plus.gif = services\Scripts\res\jquery\themes\smoothness\images\454545_11x11_icon_plus.gif
		services\Scripts\res\jquery\themes\smoothness\images\454545_7x7_arrow_down.gif = services\Scripts\res\jquery\themes\smoothness\images\454545_7x7_arrow_down.gif
		services\Scripts\res\jquery\themes\smoothness\images\454545_7x7_arrow_left.gif = services\Scripts\res\jquery\themes\smoothness\images\454545_7x7_arrow_left.gif
		services\Scripts\res\jquery\themes\smoothness\images\454545_7x7_arrow_right.gif = services\Scripts\res\jquery\themes\smoothness\images\454545_7x7_arrow_right.gif
		services\Scripts\res\jquery\themes\smoothness\images\454545_7x7_arrow_up.gif = services\Scripts\res\jquery\themes\smoothness\images\454545_7x7_arrow_up.gif
		services\Scripts\res\jquery\themes\smoothness\images\888888_11x11_icon_arrows_leftright.gif = services\Scripts\res\jquery\themes\smoothness\images\888888_11x11_icon_arrows_leftright.gif
		services\Scripts\res\jquery\themes\smoothness\images\888888_11x11_icon_arrows_updown.gif = services\Scripts\res\jquery\themes\smoothness\images\888888_11x11_icon_arrows_updown.gif
		services\Scripts\res\jquery\themes\smoothness\images\888888_11x11_icon_close.gif = services\Scripts\res\jquery\themes\smoothness\images\888888_11x11_icon_close.gif
		services\Scripts\res\jquery\themes\smoothness\images\888888_11x11_icon_doc.gif = services\Scripts\res\jquery\themes\smoothness\images\888888_11x11_icon_doc.gif
		services\Scripts\res\jquery\themes\smoothness\images\888888_11x11_icon_folder_closed.gif = services\Scripts\res\jquery\themes\smoothness\images\888888_11x11_icon_folder_closed.gif
		services\Scripts\res\jquery\themes\smoothness\images\888888_11x11_icon_folder_open.gif = services\Scripts\res\jquery\themes\smoothness\images\888888_11x11_icon_folder_open.gif
		services\Scripts\res\jquery\themes\smoothness\images\888888_11x11_icon_minus.gif = services\Scripts\res\jquery\themes\smoothness\images\888888_11x11_icon_minus.gif
		services\Scripts\res\jquery\themes\smoothness\images\888888_11x11_icon_plus.gif = services\Scripts\res\jquery\themes\smoothness\images\888888_11x11_icon_plus.gif
		services\Scripts\res\jquery\themes\smoothness\images\888888_7x7_arrow_down.gif = services\Scripts\res\jquery\themes\smoothness\images\888888_7x7_arrow_down.gif
		services\Scripts\res\jquery\themes\smoothness\images\888888_7x7_arrow_left.gif = services\Scripts\res\jquery\themes\smoothness\images\888888_7x7_arrow_left.gif
		services\Scripts\res\jquery\themes\smoothness\images\888888_7x7_arrow_right.gif = services\Scripts\res\jquery\themes\smoothness\images\888888_7x7_arrow_right.gif
		services\Scripts\res\jquery\themes\smoothness\images\888888_7x7_arrow_up.gif = services\Scripts\res\jquery\themes\smoothness\images\888888_7x7_arrow_up.gif
		services\Scripts\res\jquery\themes\smoothness\images\dadada_40x100_textures_02_glass_75.png = services\Scripts\res\jquery\themes\smoothness\images\dadada_40x100_textures_02_glass_75.png
		services\Scripts\res\jquery\themes\smoothness\images\e6e6e6_40x100_textures_02_glass_75.png = services\Scripts\res\jquery\themes\smoothness\images\e6e6e6_40x100_textures_02_glass_75.png
		services\Scripts\res\jquery\themes\smoothness\images\ffffff_40x100_textures_01_flat_75.png = services\Scripts\res\jquery\themes\smoothness\images\ffffff_40x100_textures_01_flat_75.png
		services\Scripts\res\jquery\themes\smoothness\images\ffffff_40x100_textures_02_glass_65.png = services\Scripts\res\jquery\themes\smoothness\images\ffffff_40x100_textures_02_glass_65.png
	EndProjectSection
EndProject
Project("{2150E333-8FDC-42A3-9474-1A3956D46DE8}") = "Libraries", "Libraries", "{9A1DD9A1-4B98-4A22-883C-A8F9C3BD8389}"
EndProject
Project("{FAE04EC0-301F-11D3-BF4B-00C04F79EFBC}") = "mindtouch.deki", "services\Deki\mindtouch.deki.csproj", "{25986F73-EC52-4849-8088-77DFDF4B2EC6}"
	ProjectSection(ProjectDependencies) = postProject
		{59941B89-CF3E-4056-9E10-4A5FDCE41235} = {59941B89-CF3E-4056-9E10-4A5FDCE41235}
	EndProjectSection
EndProject
Project("{FAE04EC0-301F-11D3-BF4B-00C04F79EFBC}") = "mindtouch.deki.tests", "tests\DekiMisc\mindtouch.deki.tests.csproj", "{4BF2B35C-BCF2-473E-9BBA-69D0A5DBE4F6}"
EndProject
Project("{FAE04EC0-301F-11D3-BF4B-00C04F79EFBC}") = "mindtouch.deki.font", "tools\mindtouch.deki.fonts\mindtouch.deki.font.csproj", "{976F98D8-1E0A-43D0-84DD-1B911BD0CB90}"
EndProject
Project("{FAE04EC0-301F-11D3-BF4B-00C04F79EFBC}") = "mindtouch.deki.ext", "services\DekiExtensions\mindtouch.deki.ext.csproj", "{16B721DC-C9BF-4CB9-85D8-EC2A45071FAD}"
EndProject
Project("{FAE04EC0-301F-11D3-BF4B-00C04F79EFBC}") = "mindtouch.deki.services", "services\DekiServices\mindtouch.deki.services.csproj", "{9DAC7B1C-BCE7-4F4E-ACD4-54F0A2A62E36}"
EndProject
Project("{FAE04EC0-301F-11D3-BF4B-00C04F79EFBC}") = "mindtouch.luceneservice", "services\LuceneService\mindtouch.luceneservice.csproj", "{AA29A85A-58C2-4BDF-A469-097E51698686}"
EndProject
Project("{FAE04EC0-301F-11D3-BF4B-00C04F79EFBC}") = "mindtouch.deki.files", "tools\mindtouch.deki.files\mindtouch.deki.files.csproj", "{19634A0C-35DF-49D1-BE1B-99C462ED6408}"
EndProject
Project("{8BC9CEB8-8B4A-11D0-8D11-00A0C91BC942}") = "mindtouch.deki.filter", "tools\mindtouch.deki.filter\mindtouch.deki.filter.vcxproj", "{F27A350F-4391-4948-9186-1A3E6548ED40}"
EndProject
Project("{FAE04EC0-301F-11D3-BF4B-00C04F79EFBC}") = "mindtouch.mediawiki", "services\mindtouch.mediawiki\mindtouch.mediawiki.csproj", "{6F2BD91F-E153-499D-BCE7-0F19D10AF9D9}"
	ProjectSection(ProjectDependencies) = postProject
		{5622FD3A-C2BF-4A9E-B413-48E1917717D2} = {5622FD3A-C2BF-4A9E-B413-48E1917717D2}
		{25986F73-EC52-4849-8088-77DFDF4B2EC6} = {25986F73-EC52-4849-8088-77DFDF4B2EC6}
	EndProjectSection
EndProject
Project("{FAE04EC0-301F-11D3-BF4B-00C04F79EFBC}") = "mindtouch.deki.script", "services\mindtouch.deki.script\mindtouch.deki.script.csproj", "{5622FD3A-C2BF-4A9E-B413-48E1917717D2}"
EndProject
Project("{FAE04EC0-301F-11D3-BF4B-00C04F79EFBC}") = "mindtouch.deki.mwconverter", "tools\mindtouch.deki.mwconverter\mindtouch.deki.mwconverter.csproj", "{5232C631-8494-4898-9691-0C6796F5E3E8}"
EndProject
Project("{FAE04EC0-301F-11D3-BF4B-00C04F79EFBC}") = "mindtouch.deki.keygen", "tools\mindtouch.deki.keygen\mindtouch.deki.keygen.csproj", "{4E49A883-AE49-443D-9A29-2DA49827DBE9}"
EndProject
Project("{FAE04EC0-301F-11D3-BF4B-00C04F79EFBC}") = "mindtouch.deki.script.tests", "tests\DekiScript\mindtouch.deki.script.tests.csproj", "{94F1ED6F-946B-4D7B-BD13-533622198F7C}"
EndProject
Project("{FAE04EC0-301F-11D3-BF4B-00C04F79EFBC}") = "mindtouch.deki.script.check", "tools\mindtouch.deki.script.check\mindtouch.deki.script.check.csproj", "{FC3592B2-E8E8-46B1-9375-65505BC1DABB}"
EndProject
Project("{FAE04EC0-301F-11D3-BF4B-00C04F79EFBC}") = "mindtouch.deki.checkdb", "tests\CheckDb\mindtouch.deki.checkdb.csproj", "{76F015B9-CFA0-454B-A43E-3878B47171A1}"
EndProject
Project("{FAE04EC0-301F-11D3-BF4B-00C04F79EFBC}") = "mindtouch.lucene.tests", "tests\Lucene\mindtouch.lucene.tests.csproj", "{EEE2F43F-76DD-4B0B-893C-EF7DA8A4B641}"
EndProject
Project("{FAE04EC0-301F-11D3-BF4B-00C04F79EFBC}") = "mindtouch.deki.verify", "tools\mindtouch.deki.verify\mindtouch.deki.verify.csproj", "{AA1E0F66-B9D5-40B3-B924-489EC0355DAD}"
EndProject
Project("{FAE04EC0-301F-11D3-BF4B-00C04F79EFBC}") = "mindtouch.deki.util", "services\mindtouch.deki.util\mindtouch.deki.util.csproj", "{8E1EC397-A8C9-4C35-8EDE-597EE5606B23}"
EndProject
Project("{FAE04EC0-301F-11D3-BF4B-00C04F79EFBC}") = "mindtouch.deki.util.tests", "tests\mindtouch.deki.util.tests\mindtouch.deki.util.tests.csproj", "{4081A716-E3E2-4FFC-BF53-30FA07C8B865}"
EndProject
Project("{FAE04EC0-301F-11D3-BF4B-00C04F79EFBC}") = "mindtouch.import", "tools\mindtouch.import\mindtouch.import.csproj", "{E1EDB5B4-6196-4893-B127-DFB300920B24}"
EndProject
Project("{FAE04EC0-301F-11D3-BF4B-00C04F79EFBC}") = "mindtouch.deki.data", "services\mindtouch.deki.data\mindtouch.deki.data.csproj", "{B0E05E6F-0F20-4301-BD78-344C4345DB01}"
EndProject
Project("{FAE04EC0-301F-11D3-BF4B-00C04F79EFBC}") = "mindtouch.deki.data.mysql", "services\mindtouch.deki.data.mysql\mindtouch.deki.data.mysql.csproj", "{59941B89-CF3E-4056-9E10-4A5FDCE41235}"
EndProject
Project("{FAE04EC0-301F-11D3-BF4B-00C04F79EFBC}") = "mindtouch.doc", "tools\mindtouch.doc\mindtouch.doc.csproj", "{1455A819-ECC8-4F82-B428-7ABBC7B5B9ED}"
EndProject
Project("{FAE04EC0-301F-11D3-BF4B-00C04F79EFBC}") = "mindtouch.doc.util", "libraries\mindtouch.doc.util\mindtouch.doc.util.csproj", "{D3691D7E-7716-4DB5-A136-630A465D13EB}"
EndProject
Project("{FAE04EC0-301F-11D3-BF4B-00C04F79EFBC}") = "mindtouch.reflection", "libraries\mindtouch.reflection\mindtouch.reflection.csproj", "{80AF4902-B8B7-4B69-A878-C3D4AAE4B37E}"
EndProject
Project("{FAE04EC0-301F-11D3-BF4B-00C04F79EFBC}") = "mindtouch.contrib.openid", "contrib\mindtouch.contrib.openid\mindtouch.contrib.openid.csproj", "{28EB9BCE-0D0D-4B2D-98C9-6C32A755843D}"
EndProject
Project("{FAE04EC0-301F-11D3-BF4B-00C04F79EFBC}") = "mindtouch.deki.services.tests", "tests\mindtouch.deki.services.tests\mindtouch.deki.services.tests.csproj", "{AA482C9F-70AB-44F8-A5CC-2864CCC7E9D3}"
EndProject
Project("{FAE04EC0-301F-11D3-BF4B-00C04F79EFBC}") = "mindtouch.host", "mindtouch.host\mindtouch.host.csproj", "{914DF81A-03C0-4B57-BC93-27F287017057}"
EndProject
Global
	GlobalSection(SolutionConfigurationPlatforms) = preSolution
		Debug|Any CPU = Debug|Any CPU
		Debug|Mixed Platforms = Debug|Mixed Platforms
		Debug|Win32 = Debug|Win32
		Release|Any CPU = Release|Any CPU
		Release|Mixed Platforms = Release|Mixed Platforms
		Release|Win32 = Release|Win32
		Signed Debug|Any CPU = Signed Debug|Any CPU
		Signed Debug|Mixed Platforms = Signed Debug|Mixed Platforms
		Signed Debug|Win32 = Signed Debug|Win32
		Signed Release|Any CPU = Signed Release|Any CPU
		Signed Release|Mixed Platforms = Signed Release|Mixed Platforms
		Signed Release|Win32 = Signed Release|Win32
	EndGlobalSection
	GlobalSection(ProjectConfigurationPlatforms) = postSolution
		{25986F73-EC52-4849-8088-77DFDF4B2EC6}.Debug|Any CPU.ActiveCfg = Debug|Any CPU
		{25986F73-EC52-4849-8088-77DFDF4B2EC6}.Debug|Any CPU.Build.0 = Debug|Any CPU
		{25986F73-EC52-4849-8088-77DFDF4B2EC6}.Debug|Mixed Platforms.ActiveCfg = Debug|Any CPU
		{25986F73-EC52-4849-8088-77DFDF4B2EC6}.Debug|Mixed Platforms.Build.0 = Debug|Any CPU
		{25986F73-EC52-4849-8088-77DFDF4B2EC6}.Debug|Win32.ActiveCfg = Debug|Any CPU
		{25986F73-EC52-4849-8088-77DFDF4B2EC6}.Release|Any CPU.ActiveCfg = Debug|Any CPU
		{25986F73-EC52-4849-8088-77DFDF4B2EC6}.Release|Any CPU.Build.0 = Debug|Any CPU
		{25986F73-EC52-4849-8088-77DFDF4B2EC6}.Release|Mixed Platforms.ActiveCfg = Release|Any CPU
		{25986F73-EC52-4849-8088-77DFDF4B2EC6}.Release|Mixed Platforms.Build.0 = Release|Any CPU
		{25986F73-EC52-4849-8088-77DFDF4B2EC6}.Release|Win32.ActiveCfg = Release|Any CPU
		{25986F73-EC52-4849-8088-77DFDF4B2EC6}.Signed Debug|Any CPU.ActiveCfg = Signed Debug|Any CPU
		{25986F73-EC52-4849-8088-77DFDF4B2EC6}.Signed Debug|Any CPU.Build.0 = Signed Debug|Any CPU
		{25986F73-EC52-4849-8088-77DFDF4B2EC6}.Signed Debug|Mixed Platforms.ActiveCfg = Signed Debug|Any CPU
		{25986F73-EC52-4849-8088-77DFDF4B2EC6}.Signed Debug|Mixed Platforms.Build.0 = Signed Debug|Any CPU
		{25986F73-EC52-4849-8088-77DFDF4B2EC6}.Signed Debug|Win32.ActiveCfg = Signed Debug|Any CPU
		{25986F73-EC52-4849-8088-77DFDF4B2EC6}.Signed Release|Any CPU.ActiveCfg = Signed Release|Any CPU
		{25986F73-EC52-4849-8088-77DFDF4B2EC6}.Signed Release|Any CPU.Build.0 = Signed Release|Any CPU
		{25986F73-EC52-4849-8088-77DFDF4B2EC6}.Signed Release|Mixed Platforms.ActiveCfg = Signed Release|Any CPU
		{25986F73-EC52-4849-8088-77DFDF4B2EC6}.Signed Release|Mixed Platforms.Build.0 = Signed Release|Any CPU
		{25986F73-EC52-4849-8088-77DFDF4B2EC6}.Signed Release|Win32.ActiveCfg = Signed Release|Any CPU
		{4BF2B35C-BCF2-473E-9BBA-69D0A5DBE4F6}.Debug|Any CPU.ActiveCfg = Debug|Any CPU
		{4BF2B35C-BCF2-473E-9BBA-69D0A5DBE4F6}.Debug|Any CPU.Build.0 = Debug|Any CPU
		{4BF2B35C-BCF2-473E-9BBA-69D0A5DBE4F6}.Debug|Mixed Platforms.ActiveCfg = Debug|Any CPU
		{4BF2B35C-BCF2-473E-9BBA-69D0A5DBE4F6}.Debug|Mixed Platforms.Build.0 = Debug|Any CPU
		{4BF2B35C-BCF2-473E-9BBA-69D0A5DBE4F6}.Debug|Win32.ActiveCfg = Debug|Any CPU
		{4BF2B35C-BCF2-473E-9BBA-69D0A5DBE4F6}.Release|Any CPU.ActiveCfg = Debug|Any CPU
		{4BF2B35C-BCF2-473E-9BBA-69D0A5DBE4F6}.Release|Any CPU.Build.0 = Debug|Any CPU
		{4BF2B35C-BCF2-473E-9BBA-69D0A5DBE4F6}.Release|Mixed Platforms.ActiveCfg = Release|Any CPU
		{4BF2B35C-BCF2-473E-9BBA-69D0A5DBE4F6}.Release|Mixed Platforms.Build.0 = Release|Any CPU
		{4BF2B35C-BCF2-473E-9BBA-69D0A5DBE4F6}.Release|Win32.ActiveCfg = Release|Any CPU
		{4BF2B35C-BCF2-473E-9BBA-69D0A5DBE4F6}.Signed Debug|Any CPU.ActiveCfg = Signed Debug|Any CPU
		{4BF2B35C-BCF2-473E-9BBA-69D0A5DBE4F6}.Signed Debug|Any CPU.Build.0 = Signed Debug|Any CPU
		{4BF2B35C-BCF2-473E-9BBA-69D0A5DBE4F6}.Signed Debug|Mixed Platforms.ActiveCfg = Signed Debug|Any CPU
		{4BF2B35C-BCF2-473E-9BBA-69D0A5DBE4F6}.Signed Debug|Mixed Platforms.Build.0 = Signed Debug|Any CPU
		{4BF2B35C-BCF2-473E-9BBA-69D0A5DBE4F6}.Signed Debug|Win32.ActiveCfg = Signed Debug|Any CPU
		{4BF2B35C-BCF2-473E-9BBA-69D0A5DBE4F6}.Signed Release|Any CPU.ActiveCfg = Signed Release|Any CPU
		{4BF2B35C-BCF2-473E-9BBA-69D0A5DBE4F6}.Signed Release|Any CPU.Build.0 = Signed Release|Any CPU
		{4BF2B35C-BCF2-473E-9BBA-69D0A5DBE4F6}.Signed Release|Mixed Platforms.ActiveCfg = Signed Release|Any CPU
		{4BF2B35C-BCF2-473E-9BBA-69D0A5DBE4F6}.Signed Release|Mixed Platforms.Build.0 = Signed Release|Any CPU
		{4BF2B35C-BCF2-473E-9BBA-69D0A5DBE4F6}.Signed Release|Win32.ActiveCfg = Signed Release|Any CPU
		{976F98D8-1E0A-43D0-84DD-1B911BD0CB90}.Debug|Any CPU.ActiveCfg = Debug|Any CPU
		{976F98D8-1E0A-43D0-84DD-1B911BD0CB90}.Debug|Any CPU.Build.0 = Debug|Any CPU
		{976F98D8-1E0A-43D0-84DD-1B911BD0CB90}.Debug|Mixed Platforms.ActiveCfg = Debug|Any CPU
		{976F98D8-1E0A-43D0-84DD-1B911BD0CB90}.Debug|Mixed Platforms.Build.0 = Debug|Any CPU
		{976F98D8-1E0A-43D0-84DD-1B911BD0CB90}.Debug|Win32.ActiveCfg = Debug|Any CPU
		{976F98D8-1E0A-43D0-84DD-1B911BD0CB90}.Release|Any CPU.ActiveCfg = Debug|Any CPU
		{976F98D8-1E0A-43D0-84DD-1B911BD0CB90}.Release|Any CPU.Build.0 = Debug|Any CPU
		{976F98D8-1E0A-43D0-84DD-1B911BD0CB90}.Release|Mixed Platforms.ActiveCfg = Release|Any CPU
		{976F98D8-1E0A-43D0-84DD-1B911BD0CB90}.Release|Mixed Platforms.Build.0 = Release|Any CPU
		{976F98D8-1E0A-43D0-84DD-1B911BD0CB90}.Release|Win32.ActiveCfg = Release|Any CPU
		{976F98D8-1E0A-43D0-84DD-1B911BD0CB90}.Signed Debug|Any CPU.ActiveCfg = Signed Debug|Any CPU
		{976F98D8-1E0A-43D0-84DD-1B911BD0CB90}.Signed Debug|Any CPU.Build.0 = Signed Debug|Any CPU
		{976F98D8-1E0A-43D0-84DD-1B911BD0CB90}.Signed Debug|Mixed Platforms.ActiveCfg = Signed Debug|Any CPU
		{976F98D8-1E0A-43D0-84DD-1B911BD0CB90}.Signed Debug|Mixed Platforms.Build.0 = Signed Debug|Any CPU
		{976F98D8-1E0A-43D0-84DD-1B911BD0CB90}.Signed Debug|Win32.ActiveCfg = Signed Debug|Any CPU
		{976F98D8-1E0A-43D0-84DD-1B911BD0CB90}.Signed Release|Any CPU.ActiveCfg = Signed Release|Any CPU
		{976F98D8-1E0A-43D0-84DD-1B911BD0CB90}.Signed Release|Any CPU.Build.0 = Signed Release|Any CPU
		{976F98D8-1E0A-43D0-84DD-1B911BD0CB90}.Signed Release|Mixed Platforms.ActiveCfg = Signed Release|Any CPU
		{976F98D8-1E0A-43D0-84DD-1B911BD0CB90}.Signed Release|Mixed Platforms.Build.0 = Signed Release|Any CPU
		{976F98D8-1E0A-43D0-84DD-1B911BD0CB90}.Signed Release|Win32.ActiveCfg = Signed Release|Any CPU
		{16B721DC-C9BF-4CB9-85D8-EC2A45071FAD}.Debug|Any CPU.ActiveCfg = Debug|Any CPU
		{16B721DC-C9BF-4CB9-85D8-EC2A45071FAD}.Debug|Any CPU.Build.0 = Debug|Any CPU
		{16B721DC-C9BF-4CB9-85D8-EC2A45071FAD}.Debug|Mixed Platforms.ActiveCfg = Debug|Any CPU
		{16B721DC-C9BF-4CB9-85D8-EC2A45071FAD}.Debug|Mixed Platforms.Build.0 = Debug|Any CPU
		{16B721DC-C9BF-4CB9-85D8-EC2A45071FAD}.Debug|Win32.ActiveCfg = Debug|Any CPU
		{16B721DC-C9BF-4CB9-85D8-EC2A45071FAD}.Release|Any CPU.ActiveCfg = Debug|Any CPU
		{16B721DC-C9BF-4CB9-85D8-EC2A45071FAD}.Release|Any CPU.Build.0 = Debug|Any CPU
		{16B721DC-C9BF-4CB9-85D8-EC2A45071FAD}.Release|Mixed Platforms.ActiveCfg = Release|Any CPU
		{16B721DC-C9BF-4CB9-85D8-EC2A45071FAD}.Release|Mixed Platforms.Build.0 = Release|Any CPU
		{16B721DC-C9BF-4CB9-85D8-EC2A45071FAD}.Release|Win32.ActiveCfg = Release|Any CPU
		{16B721DC-C9BF-4CB9-85D8-EC2A45071FAD}.Signed Debug|Any CPU.ActiveCfg = Signed Debug|Any CPU
		{16B721DC-C9BF-4CB9-85D8-EC2A45071FAD}.Signed Debug|Any CPU.Build.0 = Signed Debug|Any CPU
		{16B721DC-C9BF-4CB9-85D8-EC2A45071FAD}.Signed Debug|Mixed Platforms.ActiveCfg = Signed Debug|Any CPU
		{16B721DC-C9BF-4CB9-85D8-EC2A45071FAD}.Signed Debug|Mixed Platforms.Build.0 = Signed Debug|Any CPU
		{16B721DC-C9BF-4CB9-85D8-EC2A45071FAD}.Signed Debug|Win32.ActiveCfg = Signed Debug|Any CPU
		{16B721DC-C9BF-4CB9-85D8-EC2A45071FAD}.Signed Release|Any CPU.ActiveCfg = Signed Release|Any CPU
		{16B721DC-C9BF-4CB9-85D8-EC2A45071FAD}.Signed Release|Any CPU.Build.0 = Signed Release|Any CPU
		{16B721DC-C9BF-4CB9-85D8-EC2A45071FAD}.Signed Release|Mixed Platforms.ActiveCfg = Signed Release|Any CPU
		{16B721DC-C9BF-4CB9-85D8-EC2A45071FAD}.Signed Release|Mixed Platforms.Build.0 = Signed Release|Any CPU
		{16B721DC-C9BF-4CB9-85D8-EC2A45071FAD}.Signed Release|Win32.ActiveCfg = Signed Release|Any CPU
		{9DAC7B1C-BCE7-4F4E-ACD4-54F0A2A62E36}.Debug|Any CPU.ActiveCfg = Debug|Any CPU
		{9DAC7B1C-BCE7-4F4E-ACD4-54F0A2A62E36}.Debug|Any CPU.Build.0 = Debug|Any CPU
		{9DAC7B1C-BCE7-4F4E-ACD4-54F0A2A62E36}.Debug|Mixed Platforms.ActiveCfg = Debug|Any CPU
		{9DAC7B1C-BCE7-4F4E-ACD4-54F0A2A62E36}.Debug|Mixed Platforms.Build.0 = Debug|Any CPU
		{9DAC7B1C-BCE7-4F4E-ACD4-54F0A2A62E36}.Debug|Win32.ActiveCfg = Debug|Any CPU
		{9DAC7B1C-BCE7-4F4E-ACD4-54F0A2A62E36}.Release|Any CPU.ActiveCfg = Debug|Any CPU
		{9DAC7B1C-BCE7-4F4E-ACD4-54F0A2A62E36}.Release|Any CPU.Build.0 = Debug|Any CPU
		{9DAC7B1C-BCE7-4F4E-ACD4-54F0A2A62E36}.Release|Mixed Platforms.ActiveCfg = Release|Any CPU
		{9DAC7B1C-BCE7-4F4E-ACD4-54F0A2A62E36}.Release|Mixed Platforms.Build.0 = Release|Any CPU
		{9DAC7B1C-BCE7-4F4E-ACD4-54F0A2A62E36}.Release|Win32.ActiveCfg = Release|Any CPU
		{9DAC7B1C-BCE7-4F4E-ACD4-54F0A2A62E36}.Signed Debug|Any CPU.ActiveCfg = Signed Debug|Any CPU
		{9DAC7B1C-BCE7-4F4E-ACD4-54F0A2A62E36}.Signed Debug|Any CPU.Build.0 = Signed Debug|Any CPU
		{9DAC7B1C-BCE7-4F4E-ACD4-54F0A2A62E36}.Signed Debug|Mixed Platforms.ActiveCfg = Signed Debug|Any CPU
		{9DAC7B1C-BCE7-4F4E-ACD4-54F0A2A62E36}.Signed Debug|Mixed Platforms.Build.0 = Signed Debug|Any CPU
		{9DAC7B1C-BCE7-4F4E-ACD4-54F0A2A62E36}.Signed Debug|Win32.ActiveCfg = Signed Debug|Any CPU
		{9DAC7B1C-BCE7-4F4E-ACD4-54F0A2A62E36}.Signed Release|Any CPU.ActiveCfg = Signed Release|Any CPU
		{9DAC7B1C-BCE7-4F4E-ACD4-54F0A2A62E36}.Signed Release|Any CPU.Build.0 = Signed Release|Any CPU
		{9DAC7B1C-BCE7-4F4E-ACD4-54F0A2A62E36}.Signed Release|Mixed Platforms.ActiveCfg = Signed Release|Any CPU
		{9DAC7B1C-BCE7-4F4E-ACD4-54F0A2A62E36}.Signed Release|Mixed Platforms.Build.0 = Signed Release|Any CPU
		{9DAC7B1C-BCE7-4F4E-ACD4-54F0A2A62E36}.Signed Release|Win32.ActiveCfg = Signed Release|Any CPU
		{AA29A85A-58C2-4BDF-A469-097E51698686}.Debug|Any CPU.ActiveCfg = Debug|Any CPU
		{AA29A85A-58C2-4BDF-A469-097E51698686}.Debug|Any CPU.Build.0 = Debug|Any CPU
		{AA29A85A-58C2-4BDF-A469-097E51698686}.Debug|Mixed Platforms.ActiveCfg = Debug|Any CPU
		{AA29A85A-58C2-4BDF-A469-097E51698686}.Debug|Mixed Platforms.Build.0 = Debug|Any CPU
		{AA29A85A-58C2-4BDF-A469-097E51698686}.Debug|Win32.ActiveCfg = Debug|Any CPU
		{AA29A85A-58C2-4BDF-A469-097E51698686}.Release|Any CPU.ActiveCfg = Debug|Any CPU
		{AA29A85A-58C2-4BDF-A469-097E51698686}.Release|Any CPU.Build.0 = Debug|Any CPU
		{AA29A85A-58C2-4BDF-A469-097E51698686}.Release|Mixed Platforms.ActiveCfg = Release|Any CPU
		{AA29A85A-58C2-4BDF-A469-097E51698686}.Release|Mixed Platforms.Build.0 = Release|Any CPU
		{AA29A85A-58C2-4BDF-A469-097E51698686}.Release|Win32.ActiveCfg = Release|Any CPU
		{AA29A85A-58C2-4BDF-A469-097E51698686}.Signed Debug|Any CPU.ActiveCfg = Signed Debug|Any CPU
		{AA29A85A-58C2-4BDF-A469-097E51698686}.Signed Debug|Any CPU.Build.0 = Signed Debug|Any CPU
		{AA29A85A-58C2-4BDF-A469-097E51698686}.Signed Debug|Mixed Platforms.ActiveCfg = Signed Debug|Any CPU
		{AA29A85A-58C2-4BDF-A469-097E51698686}.Signed Debug|Mixed Platforms.Build.0 = Signed Debug|Any CPU
		{AA29A85A-58C2-4BDF-A469-097E51698686}.Signed Debug|Win32.ActiveCfg = Signed Debug|Any CPU
		{AA29A85A-58C2-4BDF-A469-097E51698686}.Signed Release|Any CPU.ActiveCfg = Signed Release|Any CPU
		{AA29A85A-58C2-4BDF-A469-097E51698686}.Signed Release|Any CPU.Build.0 = Signed Release|Any CPU
		{AA29A85A-58C2-4BDF-A469-097E51698686}.Signed Release|Mixed Platforms.ActiveCfg = Signed Release|Any CPU
		{AA29A85A-58C2-4BDF-A469-097E51698686}.Signed Release|Mixed Platforms.Build.0 = Signed Release|Any CPU
		{AA29A85A-58C2-4BDF-A469-097E51698686}.Signed Release|Win32.ActiveCfg = Signed Release|Any CPU
		{19634A0C-35DF-49D1-BE1B-99C462ED6408}.Debug|Any CPU.ActiveCfg = Debug|Any CPU
		{19634A0C-35DF-49D1-BE1B-99C462ED6408}.Debug|Mixed Platforms.ActiveCfg = Debug|Any CPU
		{19634A0C-35DF-49D1-BE1B-99C462ED6408}.Debug|Mixed Platforms.Build.0 = Debug|Any CPU
		{19634A0C-35DF-49D1-BE1B-99C462ED6408}.Debug|Win32.ActiveCfg = Debug|Any CPU
		{19634A0C-35DF-49D1-BE1B-99C462ED6408}.Release|Any CPU.ActiveCfg = Release|Any CPU
		{19634A0C-35DF-49D1-BE1B-99C462ED6408}.Release|Any CPU.Build.0 = Release|Any CPU
		{19634A0C-35DF-49D1-BE1B-99C462ED6408}.Release|Mixed Platforms.ActiveCfg = Release|Any CPU
		{19634A0C-35DF-49D1-BE1B-99C462ED6408}.Release|Mixed Platforms.Build.0 = Release|Any CPU
		{19634A0C-35DF-49D1-BE1B-99C462ED6408}.Release|Win32.ActiveCfg = Release|Any CPU
		{19634A0C-35DF-49D1-BE1B-99C462ED6408}.Signed Debug|Any CPU.ActiveCfg = Signed Debug|Any CPU
		{19634A0C-35DF-49D1-BE1B-99C462ED6408}.Signed Debug|Any CPU.Build.0 = Signed Debug|Any CPU
		{19634A0C-35DF-49D1-BE1B-99C462ED6408}.Signed Debug|Mixed Platforms.ActiveCfg = Signed Debug|Any CPU
		{19634A0C-35DF-49D1-BE1B-99C462ED6408}.Signed Debug|Mixed Platforms.Build.0 = Signed Debug|Any CPU
		{19634A0C-35DF-49D1-BE1B-99C462ED6408}.Signed Debug|Win32.ActiveCfg = Signed Debug|Any CPU
		{19634A0C-35DF-49D1-BE1B-99C462ED6408}.Signed Release|Any CPU.ActiveCfg = Signed Release|Any CPU
		{19634A0C-35DF-49D1-BE1B-99C462ED6408}.Signed Release|Any CPU.Build.0 = Signed Release|Any CPU
		{19634A0C-35DF-49D1-BE1B-99C462ED6408}.Signed Release|Mixed Platforms.ActiveCfg = Signed Release|Any CPU
		{19634A0C-35DF-49D1-BE1B-99C462ED6408}.Signed Release|Mixed Platforms.Build.0 = Signed Release|Any CPU
		{19634A0C-35DF-49D1-BE1B-99C462ED6408}.Signed Release|Win32.ActiveCfg = Signed Release|Any CPU
		{F27A350F-4391-4948-9186-1A3E6548ED40}.Debug|Any CPU.ActiveCfg = Debug|Win32
		{F27A350F-4391-4948-9186-1A3E6548ED40}.Debug|Mixed Platforms.ActiveCfg = Debug|Win32
		{F27A350F-4391-4948-9186-1A3E6548ED40}.Debug|Mixed Platforms.Build.0 = Debug|Win32
		{F27A350F-4391-4948-9186-1A3E6548ED40}.Debug|Win32.ActiveCfg = Debug|Win32
		{F27A350F-4391-4948-9186-1A3E6548ED40}.Debug|Win32.Build.0 = Debug|Win32
		{F27A350F-4391-4948-9186-1A3E6548ED40}.Release|Any CPU.ActiveCfg = Release|Win32
		{F27A350F-4391-4948-9186-1A3E6548ED40}.Release|Mixed Platforms.ActiveCfg = Release|Win32
		{F27A350F-4391-4948-9186-1A3E6548ED40}.Release|Mixed Platforms.Build.0 = Release|Win32
		{F27A350F-4391-4948-9186-1A3E6548ED40}.Release|Win32.ActiveCfg = Release|Win32
		{F27A350F-4391-4948-9186-1A3E6548ED40}.Release|Win32.Build.0 = Release|Win32
		{F27A350F-4391-4948-9186-1A3E6548ED40}.Signed Debug|Any CPU.ActiveCfg = Signed Debug|Win32
		{F27A350F-4391-4948-9186-1A3E6548ED40}.Signed Debug|Any CPU.Build.0 = Signed Debug|Win32
		{F27A350F-4391-4948-9186-1A3E6548ED40}.Signed Debug|Mixed Platforms.ActiveCfg = Signed Debug|Win32
		{F27A350F-4391-4948-9186-1A3E6548ED40}.Signed Debug|Mixed Platforms.Build.0 = Signed Debug|Win32
		{F27A350F-4391-4948-9186-1A3E6548ED40}.Signed Debug|Win32.ActiveCfg = Signed Debug|Win32
		{F27A350F-4391-4948-9186-1A3E6548ED40}.Signed Release|Any CPU.ActiveCfg = Signed Release|Win32
		{F27A350F-4391-4948-9186-1A3E6548ED40}.Signed Release|Mixed Platforms.ActiveCfg = Signed Release|Win32
		{F27A350F-4391-4948-9186-1A3E6548ED40}.Signed Release|Mixed Platforms.Build.0 = Signed Release|Win32
		{F27A350F-4391-4948-9186-1A3E6548ED40}.Signed Release|Win32.ActiveCfg = Signed Release|Win32
		{F27A350F-4391-4948-9186-1A3E6548ED40}.Signed Release|Win32.Build.0 = Signed Release|Win32
		{6F2BD91F-E153-499D-BCE7-0F19D10AF9D9}.Debug|Any CPU.ActiveCfg = Debug|Any CPU
		{6F2BD91F-E153-499D-BCE7-0F19D10AF9D9}.Debug|Any CPU.Build.0 = Debug|Any CPU
		{6F2BD91F-E153-499D-BCE7-0F19D10AF9D9}.Debug|Mixed Platforms.ActiveCfg = Debug|Any CPU
		{6F2BD91F-E153-499D-BCE7-0F19D10AF9D9}.Debug|Mixed Platforms.Build.0 = Debug|Any CPU
		{6F2BD91F-E153-499D-BCE7-0F19D10AF9D9}.Debug|Win32.ActiveCfg = Debug|Any CPU
		{6F2BD91F-E153-499D-BCE7-0F19D10AF9D9}.Release|Any CPU.ActiveCfg = Release|Any CPU
		{6F2BD91F-E153-499D-BCE7-0F19D10AF9D9}.Release|Any CPU.Build.0 = Release|Any CPU
		{6F2BD91F-E153-499D-BCE7-0F19D10AF9D9}.Release|Mixed Platforms.ActiveCfg = Release|Any CPU
		{6F2BD91F-E153-499D-BCE7-0F19D10AF9D9}.Release|Mixed Platforms.Build.0 = Release|Any CPU
		{6F2BD91F-E153-499D-BCE7-0F19D10AF9D9}.Release|Win32.ActiveCfg = Release|Any CPU
		{6F2BD91F-E153-499D-BCE7-0F19D10AF9D9}.Signed Debug|Any CPU.ActiveCfg = Signed Debug|Any CPU
		{6F2BD91F-E153-499D-BCE7-0F19D10AF9D9}.Signed Debug|Any CPU.Build.0 = Signed Debug|Any CPU
		{6F2BD91F-E153-499D-BCE7-0F19D10AF9D9}.Signed Debug|Mixed Platforms.ActiveCfg = Signed Debug|Any CPU
		{6F2BD91F-E153-499D-BCE7-0F19D10AF9D9}.Signed Debug|Mixed Platforms.Build.0 = Signed Debug|Any CPU
		{6F2BD91F-E153-499D-BCE7-0F19D10AF9D9}.Signed Debug|Win32.ActiveCfg = Signed Debug|Any CPU
		{6F2BD91F-E153-499D-BCE7-0F19D10AF9D9}.Signed Release|Any CPU.ActiveCfg = Signed Release|Any CPU
		{6F2BD91F-E153-499D-BCE7-0F19D10AF9D9}.Signed Release|Any CPU.Build.0 = Signed Release|Any CPU
		{6F2BD91F-E153-499D-BCE7-0F19D10AF9D9}.Signed Release|Mixed Platforms.ActiveCfg = Signed Release|Any CPU
		{6F2BD91F-E153-499D-BCE7-0F19D10AF9D9}.Signed Release|Mixed Platforms.Build.0 = Signed Release|Any CPU
		{6F2BD91F-E153-499D-BCE7-0F19D10AF9D9}.Signed Release|Win32.ActiveCfg = Signed Release|Any CPU
		{5622FD3A-C2BF-4A9E-B413-48E1917717D2}.Debug|Any CPU.ActiveCfg = Debug|Any CPU
		{5622FD3A-C2BF-4A9E-B413-48E1917717D2}.Debug|Any CPU.Build.0 = Debug|Any CPU
		{5622FD3A-C2BF-4A9E-B413-48E1917717D2}.Debug|Mixed Platforms.ActiveCfg = Debug|Any CPU
		{5622FD3A-C2BF-4A9E-B413-48E1917717D2}.Debug|Mixed Platforms.Build.0 = Debug|Any CPU
		{5622FD3A-C2BF-4A9E-B413-48E1917717D2}.Debug|Win32.ActiveCfg = Debug|Any CPU
		{5622FD3A-C2BF-4A9E-B413-48E1917717D2}.Release|Any CPU.ActiveCfg = Release|Any CPU
		{5622FD3A-C2BF-4A9E-B413-48E1917717D2}.Release|Any CPU.Build.0 = Release|Any CPU
		{5622FD3A-C2BF-4A9E-B413-48E1917717D2}.Release|Mixed Platforms.ActiveCfg = Release|Any CPU
		{5622FD3A-C2BF-4A9E-B413-48E1917717D2}.Release|Mixed Platforms.Build.0 = Release|Any CPU
		{5622FD3A-C2BF-4A9E-B413-48E1917717D2}.Release|Win32.ActiveCfg = Release|Any CPU
		{5622FD3A-C2BF-4A9E-B413-48E1917717D2}.Signed Debug|Any CPU.ActiveCfg = Signed Debug|Any CPU
		{5622FD3A-C2BF-4A9E-B413-48E1917717D2}.Signed Debug|Any CPU.Build.0 = Signed Debug|Any CPU
		{5622FD3A-C2BF-4A9E-B413-48E1917717D2}.Signed Debug|Mixed Platforms.ActiveCfg = Signed Debug|Any CPU
		{5622FD3A-C2BF-4A9E-B413-48E1917717D2}.Signed Debug|Mixed Platforms.Build.0 = Signed Debug|Any CPU
		{5622FD3A-C2BF-4A9E-B413-48E1917717D2}.Signed Debug|Win32.ActiveCfg = Signed Debug|Any CPU
		{5622FD3A-C2BF-4A9E-B413-48E1917717D2}.Signed Release|Any CPU.ActiveCfg = Signed Release|Any CPU
		{5622FD3A-C2BF-4A9E-B413-48E1917717D2}.Signed Release|Any CPU.Build.0 = Signed Release|Any CPU
		{5622FD3A-C2BF-4A9E-B413-48E1917717D2}.Signed Release|Mixed Platforms.ActiveCfg = Signed Release|Any CPU
		{5622FD3A-C2BF-4A9E-B413-48E1917717D2}.Signed Release|Mixed Platforms.Build.0 = Signed Release|Any CPU
		{5622FD3A-C2BF-4A9E-B413-48E1917717D2}.Signed Release|Win32.ActiveCfg = Signed Release|Any CPU
		{5232C631-8494-4898-9691-0C6796F5E3E8}.Debug|Any CPU.ActiveCfg = Debug|Any CPU
		{5232C631-8494-4898-9691-0C6796F5E3E8}.Debug|Any CPU.Build.0 = Debug|Any CPU
		{5232C631-8494-4898-9691-0C6796F5E3E8}.Debug|Mixed Platforms.ActiveCfg = Debug|Any CPU
		{5232C631-8494-4898-9691-0C6796F5E3E8}.Debug|Mixed Platforms.Build.0 = Debug|Any CPU
		{5232C631-8494-4898-9691-0C6796F5E3E8}.Debug|Win32.ActiveCfg = Debug|Any CPU
		{5232C631-8494-4898-9691-0C6796F5E3E8}.Release|Any CPU.ActiveCfg = Release|Any CPU
		{5232C631-8494-4898-9691-0C6796F5E3E8}.Release|Any CPU.Build.0 = Release|Any CPU
		{5232C631-8494-4898-9691-0C6796F5E3E8}.Release|Mixed Platforms.ActiveCfg = Release|Any CPU
		{5232C631-8494-4898-9691-0C6796F5E3E8}.Release|Mixed Platforms.Build.0 = Release|Any CPU
		{5232C631-8494-4898-9691-0C6796F5E3E8}.Release|Win32.ActiveCfg = Release|Any CPU
		{5232C631-8494-4898-9691-0C6796F5E3E8}.Signed Debug|Any CPU.ActiveCfg = Signed Debug|Any CPU
		{5232C631-8494-4898-9691-0C6796F5E3E8}.Signed Debug|Any CPU.Build.0 = Signed Debug|Any CPU
		{5232C631-8494-4898-9691-0C6796F5E3E8}.Signed Debug|Mixed Platforms.ActiveCfg = Signed Debug|Any CPU
		{5232C631-8494-4898-9691-0C6796F5E3E8}.Signed Debug|Mixed Platforms.Build.0 = Signed Debug|Any CPU
		{5232C631-8494-4898-9691-0C6796F5E3E8}.Signed Debug|Win32.ActiveCfg = Signed Debug|Any CPU
		{5232C631-8494-4898-9691-0C6796F5E3E8}.Signed Release|Any CPU.ActiveCfg = Signed Release|Any CPU
		{5232C631-8494-4898-9691-0C6796F5E3E8}.Signed Release|Any CPU.Build.0 = Signed Release|Any CPU
		{5232C631-8494-4898-9691-0C6796F5E3E8}.Signed Release|Mixed Platforms.ActiveCfg = Signed Release|Any CPU
		{5232C631-8494-4898-9691-0C6796F5E3E8}.Signed Release|Mixed Platforms.Build.0 = Signed Release|Any CPU
		{5232C631-8494-4898-9691-0C6796F5E3E8}.Signed Release|Win32.ActiveCfg = Signed Release|Any CPU
		{4E49A883-AE49-443D-9A29-2DA49827DBE9}.Debug|Any CPU.ActiveCfg = Debug|Any CPU
		{4E49A883-AE49-443D-9A29-2DA49827DBE9}.Debug|Any CPU.Build.0 = Debug|Any CPU
		{4E49A883-AE49-443D-9A29-2DA49827DBE9}.Debug|Mixed Platforms.ActiveCfg = Debug|Any CPU
		{4E49A883-AE49-443D-9A29-2DA49827DBE9}.Debug|Mixed Platforms.Build.0 = Debug|Any CPU
		{4E49A883-AE49-443D-9A29-2DA49827DBE9}.Debug|Win32.ActiveCfg = Debug|Any CPU
		{4E49A883-AE49-443D-9A29-2DA49827DBE9}.Release|Any CPU.ActiveCfg = Release|Any CPU
		{4E49A883-AE49-443D-9A29-2DA49827DBE9}.Release|Any CPU.Build.0 = Release|Any CPU
		{4E49A883-AE49-443D-9A29-2DA49827DBE9}.Release|Mixed Platforms.ActiveCfg = Release|Any CPU
		{4E49A883-AE49-443D-9A29-2DA49827DBE9}.Release|Mixed Platforms.Build.0 = Release|Any CPU
		{4E49A883-AE49-443D-9A29-2DA49827DBE9}.Release|Win32.ActiveCfg = Release|Any CPU
		{4E49A883-AE49-443D-9A29-2DA49827DBE9}.Signed Debug|Any CPU.ActiveCfg = Signed Debug|Any CPU
		{4E49A883-AE49-443D-9A29-2DA49827DBE9}.Signed Debug|Any CPU.Build.0 = Signed Debug|Any CPU
		{4E49A883-AE49-443D-9A29-2DA49827DBE9}.Signed Debug|Mixed Platforms.ActiveCfg = Signed Debug|Any CPU
		{4E49A883-AE49-443D-9A29-2DA49827DBE9}.Signed Debug|Mixed Platforms.Build.0 = Signed Debug|Any CPU
		{4E49A883-AE49-443D-9A29-2DA49827DBE9}.Signed Debug|Win32.ActiveCfg = Signed Debug|Any CPU
		{4E49A883-AE49-443D-9A29-2DA49827DBE9}.Signed Release|Any CPU.ActiveCfg = Signed Release|Any CPU
		{4E49A883-AE49-443D-9A29-2DA49827DBE9}.Signed Release|Any CPU.Build.0 = Signed Release|Any CPU
		{4E49A883-AE49-443D-9A29-2DA49827DBE9}.Signed Release|Mixed Platforms.ActiveCfg = Signed Release|Any CPU
		{4E49A883-AE49-443D-9A29-2DA49827DBE9}.Signed Release|Mixed Platforms.Build.0 = Signed Release|Any CPU
		{4E49A883-AE49-443D-9A29-2DA49827DBE9}.Signed Release|Win32.ActiveCfg = Signed Release|Any CPU
		{94F1ED6F-946B-4D7B-BD13-533622198F7C}.Debug|Any CPU.ActiveCfg = Debug|Any CPU
		{94F1ED6F-946B-4D7B-BD13-533622198F7C}.Debug|Any CPU.Build.0 = Debug|Any CPU
		{94F1ED6F-946B-4D7B-BD13-533622198F7C}.Debug|Mixed Platforms.ActiveCfg = Debug|Any CPU
		{94F1ED6F-946B-4D7B-BD13-533622198F7C}.Debug|Mixed Platforms.Build.0 = Debug|Any CPU
		{94F1ED6F-946B-4D7B-BD13-533622198F7C}.Debug|Win32.ActiveCfg = Debug|Any CPU
		{94F1ED6F-946B-4D7B-BD13-533622198F7C}.Release|Any CPU.ActiveCfg = Release|Any CPU
		{94F1ED6F-946B-4D7B-BD13-533622198F7C}.Release|Any CPU.Build.0 = Release|Any CPU
		{94F1ED6F-946B-4D7B-BD13-533622198F7C}.Release|Mixed Platforms.ActiveCfg = Release|Any CPU
		{94F1ED6F-946B-4D7B-BD13-533622198F7C}.Release|Mixed Platforms.Build.0 = Release|Any CPU
		{94F1ED6F-946B-4D7B-BD13-533622198F7C}.Release|Win32.ActiveCfg = Release|Any CPU
		{94F1ED6F-946B-4D7B-BD13-533622198F7C}.Signed Debug|Any CPU.ActiveCfg = Signed Debug|Any CPU
		{94F1ED6F-946B-4D7B-BD13-533622198F7C}.Signed Debug|Any CPU.Build.0 = Signed Debug|Any CPU
		{94F1ED6F-946B-4D7B-BD13-533622198F7C}.Signed Debug|Mixed Platforms.ActiveCfg = Signed Debug|Any CPU
		{94F1ED6F-946B-4D7B-BD13-533622198F7C}.Signed Debug|Mixed Platforms.Build.0 = Signed Debug|Any CPU
		{94F1ED6F-946B-4D7B-BD13-533622198F7C}.Signed Debug|Win32.ActiveCfg = Signed Debug|Any CPU
		{94F1ED6F-946B-4D7B-BD13-533622198F7C}.Signed Release|Any CPU.ActiveCfg = Release|Any CPU
		{94F1ED6F-946B-4D7B-BD13-533622198F7C}.Signed Release|Any CPU.Build.0 = Release|Any CPU
		{94F1ED6F-946B-4D7B-BD13-533622198F7C}.Signed Release|Mixed Platforms.ActiveCfg = Release|Any CPU
		{94F1ED6F-946B-4D7B-BD13-533622198F7C}.Signed Release|Mixed Platforms.Build.0 = Release|Any CPU
		{94F1ED6F-946B-4D7B-BD13-533622198F7C}.Signed Release|Win32.ActiveCfg = Release|Any CPU
		{FC3592B2-E8E8-46B1-9375-65505BC1DABB}.Debug|Any CPU.ActiveCfg = Debug|Any CPU
		{FC3592B2-E8E8-46B1-9375-65505BC1DABB}.Debug|Any CPU.Build.0 = Debug|Any CPU
		{FC3592B2-E8E8-46B1-9375-65505BC1DABB}.Debug|Mixed Platforms.ActiveCfg = Debug|Any CPU
		{FC3592B2-E8E8-46B1-9375-65505BC1DABB}.Debug|Mixed Platforms.Build.0 = Debug|Any CPU
		{FC3592B2-E8E8-46B1-9375-65505BC1DABB}.Debug|Win32.ActiveCfg = Debug|Any CPU
		{FC3592B2-E8E8-46B1-9375-65505BC1DABB}.Release|Any CPU.ActiveCfg = Release|Any CPU
		{FC3592B2-E8E8-46B1-9375-65505BC1DABB}.Release|Any CPU.Build.0 = Release|Any CPU
		{FC3592B2-E8E8-46B1-9375-65505BC1DABB}.Release|Mixed Platforms.ActiveCfg = Release|Any CPU
		{FC3592B2-E8E8-46B1-9375-65505BC1DABB}.Release|Mixed Platforms.Build.0 = Release|Any CPU
		{FC3592B2-E8E8-46B1-9375-65505BC1DABB}.Release|Win32.ActiveCfg = Release|Any CPU
		{FC3592B2-E8E8-46B1-9375-65505BC1DABB}.Signed Debug|Any CPU.ActiveCfg = Signed Debug|Any CPU
		{FC3592B2-E8E8-46B1-9375-65505BC1DABB}.Signed Debug|Any CPU.Build.0 = Signed Debug|Any CPU
		{FC3592B2-E8E8-46B1-9375-65505BC1DABB}.Signed Debug|Mixed Platforms.ActiveCfg = Signed Debug|Any CPU
		{FC3592B2-E8E8-46B1-9375-65505BC1DABB}.Signed Debug|Mixed Platforms.Build.0 = Signed Debug|Any CPU
		{FC3592B2-E8E8-46B1-9375-65505BC1DABB}.Signed Debug|Win32.ActiveCfg = Signed Debug|Any CPU
		{FC3592B2-E8E8-46B1-9375-65505BC1DABB}.Signed Release|Any CPU.ActiveCfg = Release|Any CPU
		{FC3592B2-E8E8-46B1-9375-65505BC1DABB}.Signed Release|Any CPU.Build.0 = Release|Any CPU
		{FC3592B2-E8E8-46B1-9375-65505BC1DABB}.Signed Release|Mixed Platforms.ActiveCfg = Release|Any CPU
		{FC3592B2-E8E8-46B1-9375-65505BC1DABB}.Signed Release|Mixed Platforms.Build.0 = Release|Any CPU
		{FC3592B2-E8E8-46B1-9375-65505BC1DABB}.Signed Release|Win32.ActiveCfg = Release|Any CPU
		{76F015B9-CFA0-454B-A43E-3878B47171A1}.Debug|Any CPU.ActiveCfg = Debug|Any CPU
		{76F015B9-CFA0-454B-A43E-3878B47171A1}.Debug|Any CPU.Build.0 = Debug|Any CPU
		{76F015B9-CFA0-454B-A43E-3878B47171A1}.Debug|Mixed Platforms.ActiveCfg = Debug|Any CPU
		{76F015B9-CFA0-454B-A43E-3878B47171A1}.Debug|Mixed Platforms.Build.0 = Debug|Any CPU
		{76F015B9-CFA0-454B-A43E-3878B47171A1}.Debug|Win32.ActiveCfg = Debug|Any CPU
		{76F015B9-CFA0-454B-A43E-3878B47171A1}.Release|Any CPU.ActiveCfg = Release|Any CPU
		{76F015B9-CFA0-454B-A43E-3878B47171A1}.Release|Any CPU.Build.0 = Release|Any CPU
		{76F015B9-CFA0-454B-A43E-3878B47171A1}.Release|Mixed Platforms.ActiveCfg = Release|Any CPU
		{76F015B9-CFA0-454B-A43E-3878B47171A1}.Release|Mixed Platforms.Build.0 = Release|Any CPU
		{76F015B9-CFA0-454B-A43E-3878B47171A1}.Release|Win32.ActiveCfg = Release|Any CPU
		{76F015B9-CFA0-454B-A43E-3878B47171A1}.Signed Debug|Any CPU.ActiveCfg = Signed Debug|Any CPU
		{76F015B9-CFA0-454B-A43E-3878B47171A1}.Signed Debug|Any CPU.Build.0 = Signed Debug|Any CPU
		{76F015B9-CFA0-454B-A43E-3878B47171A1}.Signed Debug|Mixed Platforms.ActiveCfg = Signed Debug|Any CPU
		{76F015B9-CFA0-454B-A43E-3878B47171A1}.Signed Debug|Mixed Platforms.Build.0 = Signed Debug|Any CPU
		{76F015B9-CFA0-454B-A43E-3878B47171A1}.Signed Debug|Win32.ActiveCfg = Signed Debug|Any CPU
		{76F015B9-CFA0-454B-A43E-3878B47171A1}.Signed Release|Any CPU.ActiveCfg = Release|Any CPU
		{76F015B9-CFA0-454B-A43E-3878B47171A1}.Signed Release|Any CPU.Build.0 = Release|Any CPU
		{76F015B9-CFA0-454B-A43E-3878B47171A1}.Signed Release|Mixed Platforms.ActiveCfg = Release|Any CPU
		{76F015B9-CFA0-454B-A43E-3878B47171A1}.Signed Release|Mixed Platforms.Build.0 = Release|Any CPU
		{76F015B9-CFA0-454B-A43E-3878B47171A1}.Signed Release|Win32.ActiveCfg = Release|Any CPU
		{EEE2F43F-76DD-4B0B-893C-EF7DA8A4B641}.Debug|Any CPU.ActiveCfg = Debug|Any CPU
		{EEE2F43F-76DD-4B0B-893C-EF7DA8A4B641}.Debug|Any CPU.Build.0 = Debug|Any CPU
		{EEE2F43F-76DD-4B0B-893C-EF7DA8A4B641}.Debug|Mixed Platforms.ActiveCfg = Debug|Any CPU
		{EEE2F43F-76DD-4B0B-893C-EF7DA8A4B641}.Debug|Mixed Platforms.Build.0 = Debug|Any CPU
		{EEE2F43F-76DD-4B0B-893C-EF7DA8A4B641}.Debug|Win32.ActiveCfg = Debug|Any CPU
		{EEE2F43F-76DD-4B0B-893C-EF7DA8A4B641}.Release|Any CPU.ActiveCfg = Release|Any CPU
		{EEE2F43F-76DD-4B0B-893C-EF7DA8A4B641}.Release|Any CPU.Build.0 = Release|Any CPU
		{EEE2F43F-76DD-4B0B-893C-EF7DA8A4B641}.Release|Mixed Platforms.ActiveCfg = Release|Any CPU
		{EEE2F43F-76DD-4B0B-893C-EF7DA8A4B641}.Release|Mixed Platforms.Build.0 = Release|Any CPU
		{EEE2F43F-76DD-4B0B-893C-EF7DA8A4B641}.Release|Win32.ActiveCfg = Release|Any CPU
		{EEE2F43F-76DD-4B0B-893C-EF7DA8A4B641}.Signed Debug|Any CPU.ActiveCfg = Signed Debug|Any CPU
		{EEE2F43F-76DD-4B0B-893C-EF7DA8A4B641}.Signed Debug|Any CPU.Build.0 = Signed Debug|Any CPU
		{EEE2F43F-76DD-4B0B-893C-EF7DA8A4B641}.Signed Debug|Mixed Platforms.ActiveCfg = Signed Debug|Any CPU
		{EEE2F43F-76DD-4B0B-893C-EF7DA8A4B641}.Signed Debug|Mixed Platforms.Build.0 = Signed Debug|Any CPU
		{EEE2F43F-76DD-4B0B-893C-EF7DA8A4B641}.Signed Debug|Win32.ActiveCfg = Signed Debug|Any CPU
		{EEE2F43F-76DD-4B0B-893C-EF7DA8A4B641}.Signed Release|Any CPU.ActiveCfg = Release|Any CPU
		{EEE2F43F-76DD-4B0B-893C-EF7DA8A4B641}.Signed Release|Any CPU.Build.0 = Release|Any CPU
		{EEE2F43F-76DD-4B0B-893C-EF7DA8A4B641}.Signed Release|Mixed Platforms.ActiveCfg = Release|Any CPU
		{EEE2F43F-76DD-4B0B-893C-EF7DA8A4B641}.Signed Release|Mixed Platforms.Build.0 = Release|Any CPU
		{EEE2F43F-76DD-4B0B-893C-EF7DA8A4B641}.Signed Release|Win32.ActiveCfg = Release|Any CPU
		{AA1E0F66-B9D5-40B3-B924-489EC0355DAD}.Debug|Any CPU.ActiveCfg = Debug|Any CPU
		{AA1E0F66-B9D5-40B3-B924-489EC0355DAD}.Debug|Any CPU.Build.0 = Debug|Any CPU
		{AA1E0F66-B9D5-40B3-B924-489EC0355DAD}.Debug|Mixed Platforms.ActiveCfg = Debug|Any CPU
		{AA1E0F66-B9D5-40B3-B924-489EC0355DAD}.Debug|Mixed Platforms.Build.0 = Debug|Any CPU
		{AA1E0F66-B9D5-40B3-B924-489EC0355DAD}.Debug|Win32.ActiveCfg = Debug|Any CPU
		{AA1E0F66-B9D5-40B3-B924-489EC0355DAD}.Release|Any CPU.ActiveCfg = Release|Any CPU
		{AA1E0F66-B9D5-40B3-B924-489EC0355DAD}.Release|Any CPU.Build.0 = Release|Any CPU
		{AA1E0F66-B9D5-40B3-B924-489EC0355DAD}.Release|Mixed Platforms.ActiveCfg = Release|Any CPU
		{AA1E0F66-B9D5-40B3-B924-489EC0355DAD}.Release|Mixed Platforms.Build.0 = Release|Any CPU
		{AA1E0F66-B9D5-40B3-B924-489EC0355DAD}.Release|Win32.ActiveCfg = Release|Any CPU
		{AA1E0F66-B9D5-40B3-B924-489EC0355DAD}.Signed Debug|Any CPU.ActiveCfg = Signed Debug|Any CPU
		{AA1E0F66-B9D5-40B3-B924-489EC0355DAD}.Signed Debug|Any CPU.Build.0 = Signed Debug|Any CPU
		{AA1E0F66-B9D5-40B3-B924-489EC0355DAD}.Signed Debug|Mixed Platforms.ActiveCfg = Signed Debug|Any CPU
		{AA1E0F66-B9D5-40B3-B924-489EC0355DAD}.Signed Debug|Mixed Platforms.Build.0 = Signed Debug|Any CPU
		{AA1E0F66-B9D5-40B3-B924-489EC0355DAD}.Signed Debug|Win32.ActiveCfg = Signed Debug|Any CPU
		{AA1E0F66-B9D5-40B3-B924-489EC0355DAD}.Signed Release|Any CPU.ActiveCfg = Signed Release|Any CPU
		{AA1E0F66-B9D5-40B3-B924-489EC0355DAD}.Signed Release|Any CPU.Build.0 = Signed Release|Any CPU
		{AA1E0F66-B9D5-40B3-B924-489EC0355DAD}.Signed Release|Mixed Platforms.ActiveCfg = Signed Release|Any CPU
		{AA1E0F66-B9D5-40B3-B924-489EC0355DAD}.Signed Release|Mixed Platforms.Build.0 = Signed Release|Any CPU
		{AA1E0F66-B9D5-40B3-B924-489EC0355DAD}.Signed Release|Win32.ActiveCfg = Signed Release|Any CPU
		{8E1EC397-A8C9-4C35-8EDE-597EE5606B23}.Debug|Any CPU.ActiveCfg = Debug|Any CPU
		{8E1EC397-A8C9-4C35-8EDE-597EE5606B23}.Debug|Any CPU.Build.0 = Debug|Any CPU
		{8E1EC397-A8C9-4C35-8EDE-597EE5606B23}.Debug|Mixed Platforms.ActiveCfg = Debug|Any CPU
		{8E1EC397-A8C9-4C35-8EDE-597EE5606B23}.Debug|Mixed Platforms.Build.0 = Debug|Any CPU
		{8E1EC397-A8C9-4C35-8EDE-597EE5606B23}.Debug|Win32.ActiveCfg = Debug|Any CPU
		{8E1EC397-A8C9-4C35-8EDE-597EE5606B23}.Release|Any CPU.ActiveCfg = Release|Any CPU
		{8E1EC397-A8C9-4C35-8EDE-597EE5606B23}.Release|Any CPU.Build.0 = Release|Any CPU
		{8E1EC397-A8C9-4C35-8EDE-597EE5606B23}.Release|Mixed Platforms.ActiveCfg = Release|Any CPU
		{8E1EC397-A8C9-4C35-8EDE-597EE5606B23}.Release|Mixed Platforms.Build.0 = Release|Any CPU
		{8E1EC397-A8C9-4C35-8EDE-597EE5606B23}.Release|Win32.ActiveCfg = Release|Any CPU
		{8E1EC397-A8C9-4C35-8EDE-597EE5606B23}.Signed Debug|Any CPU.ActiveCfg = Signed Debug|Any CPU
		{8E1EC397-A8C9-4C35-8EDE-597EE5606B23}.Signed Debug|Any CPU.Build.0 = Signed Debug|Any CPU
		{8E1EC397-A8C9-4C35-8EDE-597EE5606B23}.Signed Debug|Mixed Platforms.ActiveCfg = Signed Debug|Any CPU
		{8E1EC397-A8C9-4C35-8EDE-597EE5606B23}.Signed Debug|Mixed Platforms.Build.0 = Signed Debug|Any CPU
		{8E1EC397-A8C9-4C35-8EDE-597EE5606B23}.Signed Debug|Win32.ActiveCfg = Debug|Any CPU
		{8E1EC397-A8C9-4C35-8EDE-597EE5606B23}.Signed Release|Any CPU.ActiveCfg = Signed Release|Any CPU
		{8E1EC397-A8C9-4C35-8EDE-597EE5606B23}.Signed Release|Any CPU.Build.0 = Signed Release|Any CPU
		{8E1EC397-A8C9-4C35-8EDE-597EE5606B23}.Signed Release|Mixed Platforms.ActiveCfg = Signed Release|Any CPU
		{8E1EC397-A8C9-4C35-8EDE-597EE5606B23}.Signed Release|Mixed Platforms.Build.0 = Signed Release|Any CPU
		{8E1EC397-A8C9-4C35-8EDE-597EE5606B23}.Signed Release|Win32.ActiveCfg = Release|Any CPU
		{4081A716-E3E2-4FFC-BF53-30FA07C8B865}.Debug|Any CPU.ActiveCfg = Debug|Any CPU
		{4081A716-E3E2-4FFC-BF53-30FA07C8B865}.Debug|Any CPU.Build.0 = Debug|Any CPU
		{4081A716-E3E2-4FFC-BF53-30FA07C8B865}.Debug|Mixed Platforms.ActiveCfg = Debug|Any CPU
		{4081A716-E3E2-4FFC-BF53-30FA07C8B865}.Debug|Mixed Platforms.Build.0 = Debug|Any CPU
		{4081A716-E3E2-4FFC-BF53-30FA07C8B865}.Debug|Win32.ActiveCfg = Debug|Any CPU
		{4081A716-E3E2-4FFC-BF53-30FA07C8B865}.Release|Any CPU.ActiveCfg = Release|Any CPU
		{4081A716-E3E2-4FFC-BF53-30FA07C8B865}.Release|Any CPU.Build.0 = Release|Any CPU
		{4081A716-E3E2-4FFC-BF53-30FA07C8B865}.Release|Mixed Platforms.ActiveCfg = Release|Any CPU
		{4081A716-E3E2-4FFC-BF53-30FA07C8B865}.Release|Mixed Platforms.Build.0 = Release|Any CPU
		{4081A716-E3E2-4FFC-BF53-30FA07C8B865}.Release|Win32.ActiveCfg = Release|Any CPU
		{4081A716-E3E2-4FFC-BF53-30FA07C8B865}.Signed Debug|Any CPU.ActiveCfg = Debug|Any CPU
		{4081A716-E3E2-4FFC-BF53-30FA07C8B865}.Signed Debug|Any CPU.Build.0 = Debug|Any CPU
		{4081A716-E3E2-4FFC-BF53-30FA07C8B865}.Signed Debug|Mixed Platforms.ActiveCfg = Signed Debug|Any CPU
		{4081A716-E3E2-4FFC-BF53-30FA07C8B865}.Signed Debug|Mixed Platforms.Build.0 = Signed Debug|Any CPU
		{4081A716-E3E2-4FFC-BF53-30FA07C8B865}.Signed Debug|Win32.ActiveCfg = Debug|Any CPU
		{4081A716-E3E2-4FFC-BF53-30FA07C8B865}.Signed Release|Any CPU.ActiveCfg = Release|Any CPU
		{4081A716-E3E2-4FFC-BF53-30FA07C8B865}.Signed Release|Any CPU.Build.0 = Release|Any CPU
		{4081A716-E3E2-4FFC-BF53-30FA07C8B865}.Signed Release|Mixed Platforms.ActiveCfg = Signed Release|Any CPU
		{4081A716-E3E2-4FFC-BF53-30FA07C8B865}.Signed Release|Mixed Platforms.Build.0 = Signed Release|Any CPU
		{4081A716-E3E2-4FFC-BF53-30FA07C8B865}.Signed Release|Win32.ActiveCfg = Release|Any CPU
		{E1EDB5B4-6196-4893-B127-DFB300920B24}.Debug|Any CPU.ActiveCfg = Debug|Any CPU
		{E1EDB5B4-6196-4893-B127-DFB300920B24}.Debug|Any CPU.Build.0 = Debug|Any CPU
		{E1EDB5B4-6196-4893-B127-DFB300920B24}.Debug|Mixed Platforms.ActiveCfg = Debug|Any CPU
		{E1EDB5B4-6196-4893-B127-DFB300920B24}.Debug|Mixed Platforms.Build.0 = Debug|Any CPU
		{E1EDB5B4-6196-4893-B127-DFB300920B24}.Debug|Win32.ActiveCfg = Debug|Any CPU
		{E1EDB5B4-6196-4893-B127-DFB300920B24}.Release|Any CPU.ActiveCfg = Release|Any CPU
		{E1EDB5B4-6196-4893-B127-DFB300920B24}.Release|Any CPU.Build.0 = Release|Any CPU
		{E1EDB5B4-6196-4893-B127-DFB300920B24}.Release|Mixed Platforms.ActiveCfg = Release|Any CPU
		{E1EDB5B4-6196-4893-B127-DFB300920B24}.Release|Mixed Platforms.Build.0 = Release|Any CPU
		{E1EDB5B4-6196-4893-B127-DFB300920B24}.Release|Win32.ActiveCfg = Release|Any CPU
		{E1EDB5B4-6196-4893-B127-DFB300920B24}.Signed Debug|Any CPU.ActiveCfg = Debug|Any CPU
		{E1EDB5B4-6196-4893-B127-DFB300920B24}.Signed Debug|Any CPU.Build.0 = Debug|Any CPU
		{E1EDB5B4-6196-4893-B127-DFB300920B24}.Signed Debug|Mixed Platforms.ActiveCfg = Debug|Any CPU
		{E1EDB5B4-6196-4893-B127-DFB300920B24}.Signed Debug|Mixed Platforms.Build.0 = Debug|Any CPU
		{E1EDB5B4-6196-4893-B127-DFB300920B24}.Signed Debug|Win32.ActiveCfg = Debug|Any CPU
		{E1EDB5B4-6196-4893-B127-DFB300920B24}.Signed Release|Any CPU.ActiveCfg = Release|Any CPU
		{E1EDB5B4-6196-4893-B127-DFB300920B24}.Signed Release|Any CPU.Build.0 = Release|Any CPU
		{E1EDB5B4-6196-4893-B127-DFB300920B24}.Signed Release|Mixed Platforms.ActiveCfg = Release|Any CPU
		{E1EDB5B4-6196-4893-B127-DFB300920B24}.Signed Release|Mixed Platforms.Build.0 = Release|Any CPU
		{E1EDB5B4-6196-4893-B127-DFB300920B24}.Signed Release|Win32.ActiveCfg = Release|Any CPU
		{B0E05E6F-0F20-4301-BD78-344C4345DB01}.Debug|Any CPU.ActiveCfg = Debug|Any CPU
		{B0E05E6F-0F20-4301-BD78-344C4345DB01}.Debug|Any CPU.Build.0 = Debug|Any CPU
		{B0E05E6F-0F20-4301-BD78-344C4345DB01}.Debug|Mixed Platforms.ActiveCfg = Debug|Any CPU
		{B0E05E6F-0F20-4301-BD78-344C4345DB01}.Debug|Mixed Platforms.Build.0 = Debug|Any CPU
		{B0E05E6F-0F20-4301-BD78-344C4345DB01}.Debug|Win32.ActiveCfg = Debug|Any CPU
		{B0E05E6F-0F20-4301-BD78-344C4345DB01}.Release|Any CPU.ActiveCfg = Release|Any CPU
		{B0E05E6F-0F20-4301-BD78-344C4345DB01}.Release|Any CPU.Build.0 = Release|Any CPU
		{B0E05E6F-0F20-4301-BD78-344C4345DB01}.Release|Mixed Platforms.ActiveCfg = Release|Any CPU
		{B0E05E6F-0F20-4301-BD78-344C4345DB01}.Release|Mixed Platforms.Build.0 = Release|Any CPU
		{B0E05E6F-0F20-4301-BD78-344C4345DB01}.Release|Win32.ActiveCfg = Release|Any CPU
		{B0E05E6F-0F20-4301-BD78-344C4345DB01}.Signed Debug|Any CPU.ActiveCfg = Signed Debug|Any CPU
		{B0E05E6F-0F20-4301-BD78-344C4345DB01}.Signed Debug|Any CPU.Build.0 = Signed Debug|Any CPU
		{B0E05E6F-0F20-4301-BD78-344C4345DB01}.Signed Debug|Mixed Platforms.ActiveCfg = Signed Debug|Any CPU
		{B0E05E6F-0F20-4301-BD78-344C4345DB01}.Signed Debug|Mixed Platforms.Build.0 = Signed Debug|Any CPU
		{B0E05E6F-0F20-4301-BD78-344C4345DB01}.Signed Debug|Win32.ActiveCfg = Signed Debug|Any CPU
		{B0E05E6F-0F20-4301-BD78-344C4345DB01}.Signed Release|Any CPU.ActiveCfg = Signed Release|Any CPU
		{B0E05E6F-0F20-4301-BD78-344C4345DB01}.Signed Release|Any CPU.Build.0 = Signed Release|Any CPU
		{B0E05E6F-0F20-4301-BD78-344C4345DB01}.Signed Release|Mixed Platforms.ActiveCfg = Signed Debug|Any CPU
		{B0E05E6F-0F20-4301-BD78-344C4345DB01}.Signed Release|Mixed Platforms.Build.0 = Signed Debug|Any CPU
		{B0E05E6F-0F20-4301-BD78-344C4345DB01}.Signed Release|Win32.ActiveCfg = Signed Release|Any CPU
		{59941B89-CF3E-4056-9E10-4A5FDCE41235}.Debug|Any CPU.ActiveCfg = Debug|Any CPU
		{59941B89-CF3E-4056-9E10-4A5FDCE41235}.Debug|Any CPU.Build.0 = Debug|Any CPU
		{59941B89-CF3E-4056-9E10-4A5FDCE41235}.Debug|Mixed Platforms.ActiveCfg = Debug|Any CPU
		{59941B89-CF3E-4056-9E10-4A5FDCE41235}.Debug|Mixed Platforms.Build.0 = Debug|Any CPU
		{59941B89-CF3E-4056-9E10-4A5FDCE41235}.Debug|Win32.ActiveCfg = Debug|Any CPU
		{59941B89-CF3E-4056-9E10-4A5FDCE41235}.Release|Any CPU.ActiveCfg = Release|Any CPU
		{59941B89-CF3E-4056-9E10-4A5FDCE41235}.Release|Any CPU.Build.0 = Release|Any CPU
		{59941B89-CF3E-4056-9E10-4A5FDCE41235}.Release|Mixed Platforms.ActiveCfg = Release|Any CPU
		{59941B89-CF3E-4056-9E10-4A5FDCE41235}.Release|Mixed Platforms.Build.0 = Release|Any CPU
		{59941B89-CF3E-4056-9E10-4A5FDCE41235}.Release|Win32.ActiveCfg = Release|Any CPU
		{59941B89-CF3E-4056-9E10-4A5FDCE41235}.Signed Debug|Any CPU.ActiveCfg = Signed Debug|Any CPU
		{59941B89-CF3E-4056-9E10-4A5FDCE41235}.Signed Debug|Any CPU.Build.0 = Signed Debug|Any CPU
		{59941B89-CF3E-4056-9E10-4A5FDCE41235}.Signed Debug|Mixed Platforms.ActiveCfg = Signed Debug|Any CPU
		{59941B89-CF3E-4056-9E10-4A5FDCE41235}.Signed Debug|Mixed Platforms.Build.0 = Signed Debug|Any CPU
		{59941B89-CF3E-4056-9E10-4A5FDCE41235}.Signed Debug|Win32.ActiveCfg = Signed Debug|Any CPU
		{59941B89-CF3E-4056-9E10-4A5FDCE41235}.Signed Release|Any CPU.ActiveCfg = Signed Release|Any CPU
		{59941B89-CF3E-4056-9E10-4A5FDCE41235}.Signed Release|Any CPU.Build.0 = Signed Release|Any CPU
		{59941B89-CF3E-4056-9E10-4A5FDCE41235}.Signed Release|Mixed Platforms.ActiveCfg = Signed Debug|Any CPU
		{59941B89-CF3E-4056-9E10-4A5FDCE41235}.Signed Release|Mixed Platforms.Build.0 = Signed Debug|Any CPU
		{59941B89-CF3E-4056-9E10-4A5FDCE41235}.Signed Release|Win32.ActiveCfg = Signed Release|Any CPU
		{1455A819-ECC8-4F82-B428-7ABBC7B5B9ED}.Debug|Any CPU.ActiveCfg = Debug|Any CPU
		{1455A819-ECC8-4F82-B428-7ABBC7B5B9ED}.Debug|Any CPU.Build.0 = Debug|Any CPU
		{1455A819-ECC8-4F82-B428-7ABBC7B5B9ED}.Debug|Mixed Platforms.ActiveCfg = Debug|Any CPU
		{1455A819-ECC8-4F82-B428-7ABBC7B5B9ED}.Debug|Mixed Platforms.Build.0 = Debug|Any CPU
		{1455A819-ECC8-4F82-B428-7ABBC7B5B9ED}.Debug|Win32.ActiveCfg = Debug|Any CPU
		{1455A819-ECC8-4F82-B428-7ABBC7B5B9ED}.Release|Any CPU.ActiveCfg = Release|Any CPU
		{1455A819-ECC8-4F82-B428-7ABBC7B5B9ED}.Release|Any CPU.Build.0 = Release|Any CPU
		{1455A819-ECC8-4F82-B428-7ABBC7B5B9ED}.Release|Mixed Platforms.ActiveCfg = Release|Any CPU
		{1455A819-ECC8-4F82-B428-7ABBC7B5B9ED}.Release|Mixed Platforms.Build.0 = Release|Any CPU
		{1455A819-ECC8-4F82-B428-7ABBC7B5B9ED}.Release|Win32.ActiveCfg = Release|Any CPU
		{1455A819-ECC8-4F82-B428-7ABBC7B5B9ED}.Signed Debug|Any CPU.ActiveCfg = Debug|Any CPU
		{1455A819-ECC8-4F82-B428-7ABBC7B5B9ED}.Signed Debug|Any CPU.Build.0 = Debug|Any CPU
		{1455A819-ECC8-4F82-B428-7ABBC7B5B9ED}.Signed Debug|Mixed Platforms.ActiveCfg = Debug|Any CPU
		{1455A819-ECC8-4F82-B428-7ABBC7B5B9ED}.Signed Debug|Mixed Platforms.Build.0 = Debug|Any CPU
		{1455A819-ECC8-4F82-B428-7ABBC7B5B9ED}.Signed Debug|Win32.ActiveCfg = Debug|Any CPU
		{1455A819-ECC8-4F82-B428-7ABBC7B5B9ED}.Signed Release|Any CPU.ActiveCfg = Release|Any CPU
		{1455A819-ECC8-4F82-B428-7ABBC7B5B9ED}.Signed Release|Any CPU.Build.0 = Release|Any CPU
		{1455A819-ECC8-4F82-B428-7ABBC7B5B9ED}.Signed Release|Mixed Platforms.ActiveCfg = Release|Any CPU
		{1455A819-ECC8-4F82-B428-7ABBC7B5B9ED}.Signed Release|Mixed Platforms.Build.0 = Release|Any CPU
		{1455A819-ECC8-4F82-B428-7ABBC7B5B9ED}.Signed Release|Win32.ActiveCfg = Release|Any CPU
		{D3691D7E-7716-4DB5-A136-630A465D13EB}.Debug|Any CPU.ActiveCfg = Debug|Any CPU
		{D3691D7E-7716-4DB5-A136-630A465D13EB}.Debug|Any CPU.Build.0 = Debug|Any CPU
		{D3691D7E-7716-4DB5-A136-630A465D13EB}.Debug|Mixed Platforms.ActiveCfg = Debug|Any CPU
		{D3691D7E-7716-4DB5-A136-630A465D13EB}.Debug|Mixed Platforms.Build.0 = Debug|Any CPU
		{D3691D7E-7716-4DB5-A136-630A465D13EB}.Debug|Win32.ActiveCfg = Debug|Any CPU
		{D3691D7E-7716-4DB5-A136-630A465D13EB}.Release|Any CPU.ActiveCfg = Release|Any CPU
		{D3691D7E-7716-4DB5-A136-630A465D13EB}.Release|Any CPU.Build.0 = Release|Any CPU
		{D3691D7E-7716-4DB5-A136-630A465D13EB}.Release|Mixed Platforms.ActiveCfg = Release|Any CPU
		{D3691D7E-7716-4DB5-A136-630A465D13EB}.Release|Mixed Platforms.Build.0 = Release|Any CPU
		{D3691D7E-7716-4DB5-A136-630A465D13EB}.Release|Win32.ActiveCfg = Release|Any CPU
		{D3691D7E-7716-4DB5-A136-630A465D13EB}.Signed Debug|Any CPU.ActiveCfg = Debug|Any CPU
		{D3691D7E-7716-4DB5-A136-630A465D13EB}.Signed Debug|Any CPU.Build.0 = Debug|Any CPU
		{D3691D7E-7716-4DB5-A136-630A465D13EB}.Signed Debug|Mixed Platforms.ActiveCfg = Debug|Any CPU
		{D3691D7E-7716-4DB5-A136-630A465D13EB}.Signed Debug|Mixed Platforms.Build.0 = Debug|Any CPU
		{D3691D7E-7716-4DB5-A136-630A465D13EB}.Signed Debug|Win32.ActiveCfg = Debug|Any CPU
		{D3691D7E-7716-4DB5-A136-630A465D13EB}.Signed Release|Any CPU.ActiveCfg = Release|Any CPU
		{D3691D7E-7716-4DB5-A136-630A465D13EB}.Signed Release|Any CPU.Build.0 = Release|Any CPU
		{D3691D7E-7716-4DB5-A136-630A465D13EB}.Signed Release|Mixed Platforms.ActiveCfg = Release|Any CPU
		{D3691D7E-7716-4DB5-A136-630A465D13EB}.Signed Release|Mixed Platforms.Build.0 = Release|Any CPU
		{D3691D7E-7716-4DB5-A136-630A465D13EB}.Signed Release|Win32.ActiveCfg = Release|Any CPU
		{80AF4902-B8B7-4B69-A878-C3D4AAE4B37E}.Debug|Any CPU.ActiveCfg = Debug|Any CPU
		{80AF4902-B8B7-4B69-A878-C3D4AAE4B37E}.Debug|Any CPU.Build.0 = Debug|Any CPU
		{80AF4902-B8B7-4B69-A878-C3D4AAE4B37E}.Debug|Mixed Platforms.ActiveCfg = Debug|Any CPU
		{80AF4902-B8B7-4B69-A878-C3D4AAE4B37E}.Debug|Mixed Platforms.Build.0 = Debug|Any CPU
		{80AF4902-B8B7-4B69-A878-C3D4AAE4B37E}.Debug|Win32.ActiveCfg = Debug|Any CPU
		{80AF4902-B8B7-4B69-A878-C3D4AAE4B37E}.Release|Any CPU.ActiveCfg = Release|Any CPU
		{80AF4902-B8B7-4B69-A878-C3D4AAE4B37E}.Release|Any CPU.Build.0 = Release|Any CPU
		{80AF4902-B8B7-4B69-A878-C3D4AAE4B37E}.Release|Mixed Platforms.ActiveCfg = Release|Any CPU
		{80AF4902-B8B7-4B69-A878-C3D4AAE4B37E}.Release|Mixed Platforms.Build.0 = Release|Any CPU
		{80AF4902-B8B7-4B69-A878-C3D4AAE4B37E}.Release|Win32.ActiveCfg = Release|Any CPU
		{80AF4902-B8B7-4B69-A878-C3D4AAE4B37E}.Signed Debug|Any CPU.ActiveCfg = Signed Debug|Any CPU
		{80AF4902-B8B7-4B69-A878-C3D4AAE4B37E}.Signed Debug|Any CPU.Build.0 = Signed Debug|Any CPU
		{80AF4902-B8B7-4B69-A878-C3D4AAE4B37E}.Signed Debug|Mixed Platforms.ActiveCfg = Signed Debug|Any CPU
		{80AF4902-B8B7-4B69-A878-C3D4AAE4B37E}.Signed Debug|Mixed Platforms.Build.0 = Signed Debug|Any CPU
		{80AF4902-B8B7-4B69-A878-C3D4AAE4B37E}.Signed Debug|Win32.ActiveCfg = Signed Debug|Any CPU
		{80AF4902-B8B7-4B69-A878-C3D4AAE4B37E}.Signed Release|Any CPU.ActiveCfg = Signed Release|Any CPU
		{80AF4902-B8B7-4B69-A878-C3D4AAE4B37E}.Signed Release|Any CPU.Build.0 = Signed Release|Any CPU
		{80AF4902-B8B7-4B69-A878-C3D4AAE4B37E}.Signed Release|Mixed Platforms.ActiveCfg = Signed Release|Any CPU
		{80AF4902-B8B7-4B69-A878-C3D4AAE4B37E}.Signed Release|Mixed Platforms.Build.0 = Signed Release|Any CPU
		{80AF4902-B8B7-4B69-A878-C3D4AAE4B37E}.Signed Release|Win32.ActiveCfg = Signed Release|Any CPU
		{28EB9BCE-0D0D-4B2D-98C9-6C32A755843D}.Debug|Any CPU.ActiveCfg = Debug|Any CPU
		{28EB9BCE-0D0D-4B2D-98C9-6C32A755843D}.Debug|Any CPU.Build.0 = Debug|Any CPU
		{28EB9BCE-0D0D-4B2D-98C9-6C32A755843D}.Debug|Mixed Platforms.ActiveCfg = Debug|Any CPU
		{28EB9BCE-0D0D-4B2D-98C9-6C32A755843D}.Debug|Mixed Platforms.Build.0 = Debug|Any CPU
		{28EB9BCE-0D0D-4B2D-98C9-6C32A755843D}.Debug|Win32.ActiveCfg = Debug|Any CPU
		{28EB9BCE-0D0D-4B2D-98C9-6C32A755843D}.Release|Any CPU.ActiveCfg = Release|Any CPU
		{28EB9BCE-0D0D-4B2D-98C9-6C32A755843D}.Release|Any CPU.Build.0 = Release|Any CPU
		{28EB9BCE-0D0D-4B2D-98C9-6C32A755843D}.Release|Mixed Platforms.ActiveCfg = Release|Any CPU
		{28EB9BCE-0D0D-4B2D-98C9-6C32A755843D}.Release|Mixed Platforms.Build.0 = Release|Any CPU
		{28EB9BCE-0D0D-4B2D-98C9-6C32A755843D}.Release|Win32.ActiveCfg = Release|Any CPU
		{28EB9BCE-0D0D-4B2D-98C9-6C32A755843D}.Signed Debug|Any CPU.ActiveCfg = Debug|Any CPU
		{28EB9BCE-0D0D-4B2D-98C9-6C32A755843D}.Signed Debug|Any CPU.Build.0 = Debug|Any CPU
		{28EB9BCE-0D0D-4B2D-98C9-6C32A755843D}.Signed Debug|Mixed Platforms.ActiveCfg = Debug|Any CPU
		{28EB9BCE-0D0D-4B2D-98C9-6C32A755843D}.Signed Debug|Mixed Platforms.Build.0 = Debug|Any CPU
		{28EB9BCE-0D0D-4B2D-98C9-6C32A755843D}.Signed Debug|Win32.ActiveCfg = Debug|Any CPU
		{28EB9BCE-0D0D-4B2D-98C9-6C32A755843D}.Signed Release|Any CPU.ActiveCfg = Release|Any CPU
		{28EB9BCE-0D0D-4B2D-98C9-6C32A755843D}.Signed Release|Any CPU.Build.0 = Release|Any CPU
		{28EB9BCE-0D0D-4B2D-98C9-6C32A755843D}.Signed Release|Mixed Platforms.ActiveCfg = Release|Any CPU
		{28EB9BCE-0D0D-4B2D-98C9-6C32A755843D}.Signed Release|Mixed Platforms.Build.0 = Release|Any CPU
		{28EB9BCE-0D0D-4B2D-98C9-6C32A755843D}.Signed Release|Win32.ActiveCfg = Release|Any CPU
		{AA482C9F-70AB-44F8-A5CC-2864CCC7E9D3}.Debug|Any CPU.ActiveCfg = Debug|Any CPU
		{AA482C9F-70AB-44F8-A5CC-2864CCC7E9D3}.Debug|Any CPU.Build.0 = Debug|Any CPU
		{AA482C9F-70AB-44F8-A5CC-2864CCC7E9D3}.Debug|Mixed Platforms.ActiveCfg = Debug|Any CPU
		{AA482C9F-70AB-44F8-A5CC-2864CCC7E9D3}.Debug|Mixed Platforms.Build.0 = Debug|Any CPU
		{AA482C9F-70AB-44F8-A5CC-2864CCC7E9D3}.Debug|Win32.ActiveCfg = Debug|Any CPU
		{AA482C9F-70AB-44F8-A5CC-2864CCC7E9D3}.Release|Any CPU.ActiveCfg = Release|Any CPU
		{AA482C9F-70AB-44F8-A5CC-2864CCC7E9D3}.Release|Any CPU.Build.0 = Release|Any CPU
		{AA482C9F-70AB-44F8-A5CC-2864CCC7E9D3}.Release|Mixed Platforms.ActiveCfg = Release|Any CPU
		{AA482C9F-70AB-44F8-A5CC-2864CCC7E9D3}.Release|Mixed Platforms.Build.0 = Release|Any CPU
		{AA482C9F-70AB-44F8-A5CC-2864CCC7E9D3}.Release|Win32.ActiveCfg = Release|Any CPU
		{AA482C9F-70AB-44F8-A5CC-2864CCC7E9D3}.Signed Debug|Any CPU.ActiveCfg = Debug|Any CPU
		{AA482C9F-70AB-44F8-A5CC-2864CCC7E9D3}.Signed Debug|Any CPU.Build.0 = Debug|Any CPU
		{AA482C9F-70AB-44F8-A5CC-2864CCC7E9D3}.Signed Debug|Mixed Platforms.ActiveCfg = Debug|Any CPU
		{AA482C9F-70AB-44F8-A5CC-2864CCC7E9D3}.Signed Debug|Mixed Platforms.Build.0 = Debug|Any CPU
		{AA482C9F-70AB-44F8-A5CC-2864CCC7E9D3}.Signed Debug|Win32.ActiveCfg = Debug|Any CPU
		{AA482C9F-70AB-44F8-A5CC-2864CCC7E9D3}.Signed Release|Any CPU.ActiveCfg = Release|Any CPU
		{AA482C9F-70AB-44F8-A5CC-2864CCC7E9D3}.Signed Release|Any CPU.Build.0 = Release|Any CPU
		{AA482C9F-70AB-44F8-A5CC-2864CCC7E9D3}.Signed Release|Mixed Platforms.ActiveCfg = Release|Any CPU
		{AA482C9F-70AB-44F8-A5CC-2864CCC7E9D3}.Signed Release|Mixed Platforms.Build.0 = Release|Any CPU
		{AA482C9F-70AB-44F8-A5CC-2864CCC7E9D3}.Signed Release|Win32.ActiveCfg = Release|Any CPU
		{914DF81A-03C0-4B57-BC93-27F287017057}.Debug|Any CPU.ActiveCfg = Debug|Any CPU
		{914DF81A-03C0-4B57-BC93-27F287017057}.Debug|Any CPU.Build.0 = Debug|Any CPU
		{914DF81A-03C0-4B57-BC93-27F287017057}.Debug|Mixed Platforms.ActiveCfg = Debug|Any CPU
		{914DF81A-03C0-4B57-BC93-27F287017057}.Debug|Mixed Platforms.Build.0 = Debug|Any CPU
		{914DF81A-03C0-4B57-BC93-27F287017057}.Debug|Win32.ActiveCfg = Debug|Any CPU
		{914DF81A-03C0-4B57-BC93-27F287017057}.Release|Any CPU.ActiveCfg = Release|Any CPU
		{914DF81A-03C0-4B57-BC93-27F287017057}.Release|Any CPU.Build.0 = Release|Any CPU
		{914DF81A-03C0-4B57-BC93-27F287017057}.Release|Mixed Platforms.ActiveCfg = Release|Any CPU
		{914DF81A-03C0-4B57-BC93-27F287017057}.Release|Mixed Platforms.Build.0 = Release|Any CPU
		{914DF81A-03C0-4B57-BC93-27F287017057}.Release|Win32.ActiveCfg = Release|Any CPU
		{914DF81A-03C0-4B57-BC93-27F287017057}.Signed Debug|Any CPU.ActiveCfg = Signed Release|Any CPU
		{914DF81A-03C0-4B57-BC93-27F287017057}.Signed Debug|Any CPU.Build.0 = Signed Release|Any CPU
		{914DF81A-03C0-4B57-BC93-27F287017057}.Signed Debug|Mixed Platforms.ActiveCfg = Signed Release|Any CPU
		{914DF81A-03C0-4B57-BC93-27F287017057}.Signed Debug|Mixed Platforms.Build.0 = Signed Release|Any CPU
		{914DF81A-03C0-4B57-BC93-27F287017057}.Signed Debug|Win32.ActiveCfg = Signed Release|Any CPU
		{914DF81A-03C0-4B57-BC93-27F287017057}.Signed Release|Any CPU.ActiveCfg = Signed Release|Any CPU
		{914DF81A-03C0-4B57-BC93-27F287017057}.Signed Release|Any CPU.Build.0 = Signed Release|Any CPU
		{914DF81A-03C0-4B57-BC93-27F287017057}.Signed Release|Mixed Platforms.ActiveCfg = Signed Release|Any CPU
		{914DF81A-03C0-4B57-BC93-27F287017057}.Signed Release|Mixed Platforms.Build.0 = Signed Release|Any CPU
		{914DF81A-03C0-4B57-BC93-27F287017057}.Signed Release|Win32.ActiveCfg = Signed Release|Any CPU
	EndGlobalSection
	GlobalSection(SolutionProperties) = preSolution
		HideSolutionNode = FALSE
	EndGlobalSection
	GlobalSection(NestedProjects) = preSolution
		{4BF2B35C-BCF2-473E-9BBA-69D0A5DBE4F6} = {214D36EF-28DF-4A22-B05F-92CA926D1B96}
		{94F1ED6F-946B-4D7B-BD13-533622198F7C} = {214D36EF-28DF-4A22-B05F-92CA926D1B96}
		{76F015B9-CFA0-454B-A43E-3878B47171A1} = {214D36EF-28DF-4A22-B05F-92CA926D1B96}
		{EEE2F43F-76DD-4B0B-893C-EF7DA8A4B641} = {214D36EF-28DF-4A22-B05F-92CA926D1B96}
		{4081A716-E3E2-4FFC-BF53-30FA07C8B865} = {214D36EF-28DF-4A22-B05F-92CA926D1B96}
		{AA482C9F-70AB-44F8-A5CC-2864CCC7E9D3} = {214D36EF-28DF-4A22-B05F-92CA926D1B96}
		{976F98D8-1E0A-43D0-84DD-1B911BD0CB90} = {45C0D7FD-288E-4579-9847-E6659DA306B5}
		{19634A0C-35DF-49D1-BE1B-99C462ED6408} = {45C0D7FD-288E-4579-9847-E6659DA306B5}
		{F27A350F-4391-4948-9186-1A3E6548ED40} = {45C0D7FD-288E-4579-9847-E6659DA306B5}
		{5232C631-8494-4898-9691-0C6796F5E3E8} = {45C0D7FD-288E-4579-9847-E6659DA306B5}
		{4E49A883-AE49-443D-9A29-2DA49827DBE9} = {45C0D7FD-288E-4579-9847-E6659DA306B5}
		{FC3592B2-E8E8-46B1-9375-65505BC1DABB} = {45C0D7FD-288E-4579-9847-E6659DA306B5}
		{AA1E0F66-B9D5-40B3-B924-489EC0355DAD} = {45C0D7FD-288E-4579-9847-E6659DA306B5}
		{E1EDB5B4-6196-4893-B127-DFB300920B24} = {45C0D7FD-288E-4579-9847-E6659DA306B5}
		{1455A819-ECC8-4F82-B428-7ABBC7B5B9ED} = {45C0D7FD-288E-4579-9847-E6659DA306B5}
		{C3EC1E6B-3FDE-4073-8FFC-9547D80B3C94} = {CE5C91A3-30C9-445A-A74C-DF7FE1F10EED}
		{9DAC7B1C-BCE7-4F4E-ACD4-54F0A2A62E36} = {CE5C91A3-30C9-445A-A74C-DF7FE1F10EED}
		{6F2BD91F-E153-499D-BCE7-0F19D10AF9D9} = {CE5C91A3-30C9-445A-A74C-DF7FE1F10EED}
		{28EB9BCE-0D0D-4B2D-98C9-6C32A755843D} = {CE5C91A3-30C9-445A-A74C-DF7FE1F10EED}
		{C7B0421E-E8BA-4841-8897-2E8EFE40551D} = {C3EC1E6B-3FDE-4073-8FFC-9547D80B3C94}
		{809DBF2C-96DA-4285-ACC4-24551DDE3B43} = {C7B0421E-E8BA-4841-8897-2E8EFE40551D}
		{AF0C0F1F-BE23-47EA-B4B0-3907388BB198} = {C7B0421E-E8BA-4841-8897-2E8EFE40551D}
		{19ECF6F5-3D2F-498A-B10C-8F149EE2D173} = {C7B0421E-E8BA-4841-8897-2E8EFE40551D}
		{1E41E9F9-67C5-402C-82A1-F7D217FAB761} = {C7B0421E-E8BA-4841-8897-2E8EFE40551D}
		{812CD82A-C30F-4928-B1BF-3F3E17C5225C} = {C7B0421E-E8BA-4841-8897-2E8EFE40551D}
		{8A059A5B-6430-4C96-A4EF-867BAECCBB4C} = {AF0C0F1F-BE23-47EA-B4B0-3907388BB198}
		{93929EE6-5934-43FB-8932-E61505B98B03} = {8A059A5B-6430-4C96-A4EF-867BAECCBB4C}
		{433258A3-10EF-47D4-A28C-234C61812DC3} = {93929EE6-5934-43FB-8932-E61505B98B03}
		{16B721DC-C9BF-4CB9-85D8-EC2A45071FAD} = {9A1DD9A1-4B98-4A22-883C-A8F9C3BD8389}
		{5622FD3A-C2BF-4A9E-B413-48E1917717D2} = {9A1DD9A1-4B98-4A22-883C-A8F9C3BD8389}
		{8E1EC397-A8C9-4C35-8EDE-597EE5606B23} = {9A1DD9A1-4B98-4A22-883C-A8F9C3BD8389}
		{B0E05E6F-0F20-4301-BD78-344C4345DB01} = {9A1DD9A1-4B98-4A22-883C-A8F9C3BD8389}
		{59941B89-CF3E-4056-9E10-4A5FDCE41235} = {9A1DD9A1-4B98-4A22-883C-A8F9C3BD8389}
		{D3691D7E-7716-4DB5-A136-630A465D13EB} = {9A1DD9A1-4B98-4A22-883C-A8F9C3BD8389}
		{80AF4902-B8B7-4B69-A878-C3D4AAE4B37E} = {9A1DD9A1-4B98-4A22-883C-A8F9C3BD8389}
	EndGlobalSection
EndGlobal
