
Microsoft Visual Studio Solution File, Format Version 9.00
# Visual Studio 2005
Project("{FAE04EC0-301F-11D3-BF4B-00C04F79EFBC}") = "mindtouch.deki.mwconverter", "mindtouch.deki.mwconverter\mindtouch.deki.mwconverter.csproj", "{5232C631-8494-4898-9691-0C6796F5E3E8}"
EndProject
Project("{FAE04EC0-301F-11D3-BF4B-00C04F79EFBC}") = "mindtouch.deki.mwconverter.test", "mindtouch.deki.mwconverter.test\mindtouch.deki.mwconverter.test.csproj", "{D5047A92-7039-491B-AB63-9445158459FC}"
EndProject
Global
	GlobalSection(SolutionConfigurationPlatforms) = preSolution
		Debug|Any CPU = Debug|Any CPU
		Release|Any CPU = Release|Any CPU
	EndGlobalSection
	GlobalSection(ProjectConfigurationPlatforms) = postSolution
		{5232C631-8494-4898-9691-0C6796F5E3E8}.Debug|Any CPU.ActiveCfg = Debug|Any CPU
		{5232C631-8494-4898-9691-0C6796F5E3E8}.Debug|Any CPU.Build.0 = Debug|Any CPU
		{5232C631-8494-4898-9691-0C6796F5E3E8}.Release|Any CPU.ActiveCfg = Release|Any CPU
		{5232C631-8494-4898-9691-0C6796F5E3E8}.Release|Any CPU.Build.0 = Release|Any CPU
		{D5047A92-7039-491B-AB63-9445158459FC}.Debug|Any CPU.ActiveCfg = Debug|Any CPU
		{D5047A92-7039-491B-AB63-9445158459FC}.Debug|Any CPU.Build.0 = Debug|Any CPU
		{D5047A92-7039-491B-AB63-9445158459FC}.Release|Any CPU.ActiveCfg = Release|Any CPU
		{D5047A92-7039-491B-AB63-9445158459FC}.Release|Any CPU.Build.0 = Release|Any CPU
	EndGlobalSection
	GlobalSection(SolutionProperties) = preSolution
		HideSolutionNode = FALSE
	EndGlobalSection
EndGlobal
